{
  "lockfileVersion": 1,
  "configVersion": 1,
  "workspaces": {
    "": {
      "name": "@kekkon-nexus/config",
      "dependencies": {
        "@commitlint/config-conventional": "^21",
        "@commitlint/format": "^21",
        "commitlint-config-gitmoji": "^2.3",
        "ultracite": "~7.7",
      },
      "devDependencies": {
        "@commitlint/cli": "^21.0.1",
        "@commitlint/types": "^21.0.1",
        "@types/bun": "latest",
        "husky": "^9.1.7",
        "nano-staged": "^1.0.2",
        "oxfmt": "~0.50.0",
        "oxlint": "^1.65.0",
        "typescript": "^6.0.3",
      },
      "peerDependencies": {
        "@commitlint/cli": "^21",
        "husky": "^9",
        "nano-staged": "^1",
        "oxfmt": "~0.50",
        "oxlint": "^1.65",
        "oxlint-tsgolint": "^0.23",
        "typescript": "^6",
      },
      "optionalPeers": [
        "@commitlint/cli",
        "husky",
        "nano-staged",
        "oxfmt",
        "oxlint",
      ],
    },
  },
  "packages": {
    "@babel/code-frame": ["@babel/code-frame@7.27.1", "", { "dependencies": { "@babel/helper-validator-identifier": "^7.27.1", "js-tokens": "^4.0.0", "picocolors": "^1.1.1" } }, "sha512-cjQ7ZlQ0Mv3b47hABuTevyTuYN4i+loJKGeV9flcCgIK37cCXRh+L1bd3iBHlynerhQ7BhCkn2BPbQUL+rGqFg=="],

    "@babel/helper-validator-identifier": ["@babel/helper-validator-identifier@7.28.5", "", {}, "sha512-qSs4ifwzKJSV39ucNjsvc6WVHs6b7S03sOh2OcHF9UHfVPqWWALUsNUVzhSBiItjRZoLHx7nIarVjqKVusUZ1Q=="],

    "@clack/core": ["@clack/core@1.3.1", "", { "dependencies": { "fast-wrap-ansi": "^0.2.0", "sisteransi": "^1.0.5" } }, "sha512-fT1qHVGAag4IEkrupZ6lRRbNCs1vS9P01KB/sG8zKgvUztbYtFBtQpjSITNwooDZ83tpsPzP0mRNs1/KVszCRA=="],

    "@clack/prompts": ["@clack/prompts@1.4.0", "", { "dependencies": { "@clack/core": "1.3.1", "fast-string-width": "^3.0.2", "fast-wrap-ansi": "^0.2.0", "sisteransi": "^1.0.5" } }, "sha512-S0My7XPGIgpRWMDG8uRqalbgT+a6FmCUdOW+HaIOVVpUPHOb7RrpvjTjiODadKp06fsrVDJZlIzc6yCTp4AnxA=="],

    "@commitlint/cli": ["@commitlint/cli@21.0.1", "", { "dependencies": { "@commitlint/format": "^21.0.1", "@commitlint/lint": "^21.0.1", "@commitlint/load": "^21.0.1", "@commitlint/read": "^21.0.1", "@commitlint/types": "^21.0.1", "tinyexec": "^1.0.0", "yargs": "^18.0.0" }, "bin": { "commitlint": "cli.js" } }, "sha512-8vq10krmbJwBkvzXKhbs4o4JQEVscd3pqOlWuDUaDBwbeL694/P33UC29tZQFTAgPU9fVJ2+f2m3zw16yKWxHg=="],

    "@commitlint/config-conventional": ["@commitlint/config-conventional@21.0.1", "", { "dependencies": { "@commitlint/types": "^21.0.1", "conventional-changelog-conventionalcommits": "^9.2.0" } }, "sha512-gRorrkfWOh/+V5X8GYWWbQvrzPczopGMS4CCNrQdHkK4xWElv82BDvIsDhJZWTlI7TazOlYea6VATufCsFs+sw=="],

    "@commitlint/config-validator": ["@commitlint/config-validator@21.0.1", "", { "dependencies": { "@commitlint/types": "^21.0.1", "ajv": "^8.11.0" } }, "sha512-Zd2UFdndeMMaW2O96HK0tdfT4gOImUvidMpAd/pws2zZ4m1nrAZ/9b/v2JYuE8fs86GpXv9F7LNaIuCIWhY+pA=="],

    "@commitlint/ensure": ["@commitlint/ensure@21.0.1", "", { "dependencies": { "@commitlint/types": "^21.0.1", "es-toolkit": "^1.46.0" } }, "sha512-jJ1037967wU7YN/xkv+iRlOBlmaOXPhPO5KQSqya6GyXzBlwuLzELBFao16DVg9dZyqmNrhewzwZ3SAibetHBQ=="],

    "@commitlint/execute-rule": ["@commitlint/execute-rule@21.0.1", "", {}, "sha512-RifH+FmImozKBE6mozhF4K3r2RRKP7SMi/Q/zLCmExtp5e05lhHOUYqGBlFBAGNHaZxU/WYw1XuugYK9jQzqnA=="],

    "@commitlint/format": ["@commitlint/format@21.0.1", "", { "dependencies": { "@commitlint/types": "^21.0.1", "picocolors": "^1.1.1" } }, "sha512-ksmG2+cHGtuDPQQbhBbC4unwm444+6TiPw0d1bKf67hntgZqZ8E0g1MuYKUuyT5IH4IMmXZhKq22/Z3jBvtQIw=="],

    "@commitlint/is-ignored": ["@commitlint/is-ignored@21.0.1", "", { "dependencies": { "@commitlint/types": "^21.0.1", "semver": "^7.6.0" } }, "sha512-iNDP8SFdw8JEkM0CHZ2XFnhTN4Zg5jKUY2d8kBOSFrI2aA+3YJI7fcqVpfgbpJ9xtxFVYpi+DBATU5AvhoTq8g=="],

    "@commitlint/lint": ["@commitlint/lint@21.0.1", "", { "dependencies": { "@commitlint/is-ignored": "^21.0.1", "@commitlint/parse": "^21.0.1", "@commitlint/rules": "^21.0.1", "@commitlint/types": "^21.0.1" } }, "sha512-gF+iYtUw1gBG3HUH9z3VxwUjGg2R2G5j+nmvPs8aIeYkiB7TtneBu3wO85I0bUl93bYNsvsCNI9Nte2fmDUMww=="],

    "@commitlint/load": ["@commitlint/load@21.0.1", "", { "dependencies": { "@commitlint/config-validator": "^21.0.1", "@commitlint/execute-rule": "^21.0.1", "@commitlint/resolve-extends": "^21.0.1", "@commitlint/types": "^21.0.1", "cosmiconfig": "^9.0.1", "cosmiconfig-typescript-loader": "^6.1.0", "es-toolkit": "^1.46.0", "is-plain-obj": "^4.1.0", "picocolors": "^1.1.1" } }, "sha512-Btg1q1mKmiihN4W3x0EsPDrJMOQfMa9NIqlzlJyXAfxvsOGdGXOW5p3R3RcSxDCaY7JabY9flIl+Om1af3PSrw=="],

    "@commitlint/message": ["@commitlint/message@21.0.1", "", {}, "sha512-R3dVQeJQ0B6yqrZEjkUHD4r7UJYLV9Lvk2xs3PTOmtWk2G3mI6Xgc+YdRxL1PwcDfBiUjv2SkIkW4AUc976w1w=="],

    "@commitlint/parse": ["@commitlint/parse@21.0.1", "", { "dependencies": { "@commitlint/types": "^21.0.1", "conventional-changelog-angular": "^8.2.0", "conventional-commits-parser": "^6.3.0" } }, "sha512-oh/nCSOqdoeQNA1tO8aAmxkq5EBo8/NzcFQRvv66AWc9HpED28sL2iSicCKU6hPintWuscL6BJEWi77Wq1LPMQ=="],

    "@commitlint/read": ["@commitlint/read@21.0.1", "", { "dependencies": { "@commitlint/top-level": "^21.0.1", "@commitlint/types": "^21.0.1", "git-raw-commits": "^5.0.0", "tinyexec": "^1.0.0" } }, "sha512-pMEu4lbpC8W0ZgKJj2U6WaobXIZWdFlULpIEewYhkPXx+WZcnoO53YrVPc7QErQuNolq2Me8dP58Wu7YAVXVOA=="],

    "@commitlint/resolve-extends": ["@commitlint/resolve-extends@21.0.1", "", { "dependencies": { "@commitlint/config-validator": "^21.0.1", "@commitlint/types": "^21.0.1", "es-toolkit": "^1.46.0", "global-directory": "^5.0.0", "resolve-from": "^5.0.0" } }, "sha512-0DhjYWL6uYrY16Efa032fYk3woGJDU4AGWiG1XXltT9AMUNYKyb5cIZU2ivbaMZ3+kKFqUjikD2cjh66Sbh/Sg=="],

    "@commitlint/rules": ["@commitlint/rules@21.0.1", "", { "dependencies": { "@commitlint/ensure": "^21.0.1", "@commitlint/message": "^21.0.1", "@commitlint/to-lines": "^21.0.1", "@commitlint/types": "^21.0.1" } }, "sha512-VMooYpz4nJg7xlaUso6CCOWEz8D/ChkvsvZUMARcoJ1ZpfKPyFCGrHNha2tbsETNAb6ErgiRuCr2DvghrvPDYQ=="],

    "@commitlint/to-lines": ["@commitlint/to-lines@21.0.1", "", {}, "sha512-bd1BFII7p1EQZre9Kaj+kKaMFP3cFCdt21K7DItVux9XP5WjLgJ0/Uy1pJJh9aPwVJ6SKg62PxqlZaHI8hQAXw=="],

    "@commitlint/top-level": ["@commitlint/top-level@21.0.1", "", { "dependencies": { "escalade": "^3.2.0" } }, "sha512-4esUYqzY7K0FCgcJ/1xWEZekV7Ch4yZT1+xjEb7KzqbJ05XEkxHVsTfC8ADKNNtlCE2pj98KEbPGZWw9WwEnVw=="],

    "@commitlint/types": ["@commitlint/types@21.0.1", "", { "dependencies": { "conventional-commits-parser": "^6.3.0", "picocolors": "^1.1.1" } }, "sha512-4u7w8jcoCUFWhjWnASYzZHAP34OqOtuFBN87nQmFvqda03YU0T6z+yB4w0gSAMpekiRqqGk5rt+qSlW+a2vSEg=="],

    "@conventional-changelog/git-client": ["@conventional-changelog/git-client@2.7.0", "", { "dependencies": { "@simple-libs/child-process-utils": "^1.0.0", "@simple-libs/stream-utils": "^1.2.0", "semver": "^7.5.2" }, "peerDependencies": { "conventional-commits-filter": "^5.0.0", "conventional-commits-parser": "^6.4.0" }, "optionalPeers": ["conventional-commits-filter", "conventional-commits-parser"] }, "sha512-j7A8/LBEQ+3rugMzPXoKYzyUPpw/0CBQCyvtTR7Lmu4olG4yRC/Tfkq79Mr3yuPs0SUitlO2HwGP3gitMJnRFw=="],

    "@gitmoji/commit-types": ["@gitmoji/commit-types@1.1.5", "", {}, "sha512-8D3FZMRY+gtYpTcHG1SOGmm9CFqxNh6rI9xDoCydxHxnWgqInbdF3nk9gibW5gXA58Hf2cVcJaLEcGOKLRAtmw=="],

    "@gitmoji/gitmoji-regex": ["@gitmoji/gitmoji-regex@1.0.0", "", { "dependencies": { "emoji-regex": "^10", "gitmojis": "^3" } }, "sha512-+BFXxcWCxn0UIYuG1v5n9SfaCCS8tw95j1x3QsTJRdGGiihRyVLTHiu1wrHlzH3z4nYXKjCKiZFTdWwMjRI+gQ=="],

    "@gitmoji/parser-opts": ["@gitmoji/parser-opts@1.4.0", "", { "dependencies": { "@gitmoji/gitmoji-regex": "1.0.0" } }, "sha512-zzmx/vtpdB/ijjUm7u9OzHNCXWKpSbzVEgVzOzhilMgoTBlUDyInZFUtiCTV+Wf4oCP9nxGa/kQGQFfN+XLH1g=="],

    "@oxfmt/binding-android-arm-eabi": ["@oxfmt/binding-android-arm-eabi@0.50.0", "", { "os": "android", "cpu": "arm" }, "sha512-ICXQVKrDvsWUtfx6EiVJxfWrajKTwTfRV8vz2XiMkxZeuCKJLgD4YAj6dE3BWvpqDlkVkie4VSTAtMUWO9LDXg=="],

    "@oxfmt/binding-android-arm64": ["@oxfmt/binding-android-arm64@0.50.0", "", { "os": "android", "cpu": "arm64" }, "sha512-quwjLQFkuW6OwLHeDeIXsTzOmipQFQbqsYN9HLk2B5I01IlAQZHP1UiLIg0O7pP+dUgPD2AD7SCYA3gs6NH5/g=="],

    "@oxfmt/binding-darwin-arm64": ["@oxfmt/binding-darwin-arm64@0.50.0", "", { "os": "darwin", "cpu": "arm64" }, "sha512-ikU5umElcMi78/TNI334wtjr5WZ5F4nWa1aIDseAKKGL0W3ygxeYKkrIJ0fggWa8MOon66BmG3xCqmX1m9YAOw=="],

    "@oxfmt/binding-darwin-x64": ["@oxfmt/binding-darwin-x64@0.50.0", "", { "os": "darwin", "cpu": "x64" }, "sha512-WT4MOYG4mv9IXrH0m60vHsJh+rRMPSOKTQmwDpwmgQ+DuW/i5dU4pqc0HDO5uclO5vjz5IFX5z/taW86LSVe/g=="],

    "@oxfmt/binding-freebsd-x64": ["@oxfmt/binding-freebsd-x64@0.50.0", "", { "os": "freebsd", "cpu": "x64" }, "sha512-gH0rycVXqV4juWkvLs2uPMtTyppDc7qEUVzXAxnQ7FpcSZNXqKowUgtjH8q67ngj416r8+4NnAlyR/D35zwwhQ=="],

    "@oxfmt/binding-linux-arm-gnueabihf": ["@oxfmt/binding-linux-arm-gnueabihf@0.50.0", "", { "os": "linux", "cpu": "arm" }, "sha512-wL/k+o0hiTeRvi/gPzeC1L/yTHTXIeHDKWU09s2zTBmv7ma59wTm+fADNSGYxhJQDxyavQbwTf1QpW3Zj924tQ=="],

    "@oxfmt/binding-linux-arm-musleabihf": ["@oxfmt/binding-linux-arm-musleabihf@0.50.0", "", { "os": "linux", "cpu": "arm" }, "sha512-Y59FKqoUM3Gf00E395b4ixfWyJGwO2GzaZawF5MZoVWcb3f6CkWUXyao0jyOvoIxDMzMybcVRuXyG7ih/Nxweg=="],

    "@oxfmt/binding-linux-arm64-gnu": ["@oxfmt/binding-linux-arm64-gnu@0.50.0", "", { "os": "linux", "cpu": "arm64" }, "sha512-OvXbfTjMignXWyJXg/NOFsiy996vFe8wb9tkxJaUq8ylq0XrzJg3ttavC5Tcmm6F8/GUs2r3XFJWWu9q/27uYw=="],

    "@oxfmt/binding-linux-arm64-musl": ["@oxfmt/binding-linux-arm64-musl@0.50.0", "", { "os": "linux", "cpu": "arm64" }, "sha512-rqmvHZm7vMa3NLYa0khwkhReCmp9tqKnF23TFZ7S5cYJLvIE4b0k8famWE7kO897/DXznJe675n5SohFBggbxA=="],

    "@oxfmt/binding-linux-ppc64-gnu": ["@oxfmt/binding-linux-ppc64-gnu@0.50.0", "", { "os": "linux", "cpu": "ppc64" }, "sha512-49bAdYbMSde42tzPDtuHnBWzOgmoS0PT9THCjvMnDVYMQYiHzPc2Mv5rkpBHVQOXM+PHfafJlxgK0anXSWBVvw=="],

    "@oxfmt/binding-linux-riscv64-gnu": ["@oxfmt/binding-linux-riscv64-gnu@0.50.0", "", { "os": "linux", "cpu": "none" }, "sha512-VFT25/6kckkIM62KeWB2bi+xCEmC/zC+DcMaIpEfaio8ulkGDLSiTz11TyK0eqgTl3x5OklYEGDWohvAgOr8Bw=="],

    "@oxfmt/binding-linux-riscv64-musl": ["@oxfmt/binding-linux-riscv64-musl@0.50.0", "", { "os": "linux", "cpu": "none" }, "sha512-BBJMuNy6jjkXjUUINF5UTQqb/nvjmtJad43Gp7bab0AAURAdthhJvduR7rHpWInpWYiaMzYsdrmURNcrmpxdZA=="],

    "@oxfmt/binding-linux-s390x-gnu": ["@oxfmt/binding-linux-s390x-gnu@0.50.0", "", { "os": "linux", "cpu": "s390x" }, "sha512-Xd4y+yjAYHKmryXhyUUwbyRD01iKfcvI74iE01L6p4F8SwjhZQXDshK+T8PcrPZLiFqH263P5xqJk94amjkjzQ=="],

    "@oxfmt/binding-linux-x64-gnu": ["@oxfmt/binding-linux-x64-gnu@0.50.0", "", { "os": "linux", "cpu": "x64" }, "sha512-Qp96rYJru7l++7mk4R+eh8qq9GFfFAMdmoN6VGoRHI8AA1XMnUIzH4u+zOcKZZwY+irHdsaBldDearwB4nOH7A=="],

    "@oxfmt/binding-linux-x64-musl": ["@oxfmt/binding-linux-x64-musl@0.50.0", "", { "os": "linux", "cpu": "x64" }, "sha512-5XLGp+yd5w2Key5LMqJO+X3XVsJKgeeUKljy32+MBF/J/JZ5m8WHl6dI5eOQOr3ixopxPiXIyDAxn3slI3UXiQ=="],

    "@oxfmt/binding-openharmony-arm64": ["@oxfmt/binding-openharmony-arm64@0.50.0", "", { "os": "none", "cpu": "arm64" }, "sha512-QAxwzh7+GHugCD7WuERolVs8TKQwXNIAZXAHHTecbKVc9oWBkWzOiLauQuezXS57tVcof5zhi1IjZ8tOV0htTg=="],

    "@oxfmt/binding-win32-arm64-msvc": ["@oxfmt/binding-win32-arm64-msvc@0.50.0", "", { "os": "win32", "cpu": "arm64" }, "sha512-3nKN/kqClm9iCFWTwtJ9UpR5SGyExp5l3nw6uIiBt+3XitQtszin+vjHrL7JHfDksZ7Svigdaow2zqz/IKCfqw=="],

    "@oxfmt/binding-win32-ia32-msvc": ["@oxfmt/binding-win32-ia32-msvc@0.50.0", "", { "os": "win32", "cpu": "ia32" }, "sha512-3r6XZ8+X6qlLbXaPW2NygfiAWSpKbkE36pAVzS83mY+cYY+pSMalJ+qnCgkr92tr+Iqv988XKQ1CpARTg9ITbQ=="],

    "@oxfmt/binding-win32-x64-msvc": ["@oxfmt/binding-win32-x64-msvc@0.50.0", "", { "os": "win32", "cpu": "x64" }, "sha512-BSE8D8KsvquMG9vU+Qt4qGuoOcZ36rxU5S6ZkHNguj+MlWkXWCBETnno3yJ9CfWvfCrbmieaN9LK6hdcdHNZ/w=="],

    "@oxlint-tsgolint/darwin-arm64": ["@oxlint-tsgolint/darwin-arm64@0.21.1", "", { "os": "darwin", "cpu": "arm64" }, "sha512-7TLjyWe4wG9saJc992VWmaHq2hwKfOEEVTjheReXJXaDhavMZI4X9a6nKhbEng4IVkYtzjD2jw16vw2WFXLYLw=="],

    "@oxlint-tsgolint/darwin-x64": ["@oxlint-tsgolint/darwin-x64@0.21.1", "", { "os": "darwin", "cpu": "x64" }, "sha512-7wf9Wf75nTzA7zpL9myhFe2RKvfuqGUOADNvUooCjEWvh7hmPz3lSEqTMh5Z/VQhzsG04mM9ACyghxhRzq7zFw=="],

    "@oxlint-tsgolint/linux-arm64": ["@oxlint-tsgolint/linux-arm64@0.21.1", "", { "os": "linux", "cpu": "arm64" }, "sha512-IPuQN/Vd0Rjklg/cCGBbQyUuRBp2f6LQXpZYwk5ivOR6V/+CgiYsv8pn/PVY7gjeyoNvPQrXB7xMjHUO2YZbdw=="],

    "@oxlint-tsgolint/linux-x64": ["@oxlint-tsgolint/linux-x64@0.21.1", "", { "os": "linux", "cpu": "x64" }, "sha512-d1niGuTbh2qiv7dR7tqkbOcM5cIR63of0lMBFdEQavL1KrJV8zuRdwdi68K7MNGdgoR+J5A9ajpGGvsHwp1bPg=="],

    "@oxlint-tsgolint/win32-arm64": ["@oxlint-tsgolint/win32-arm64@0.21.1", "", { "os": "win32", "cpu": "arm64" }, "sha512-ICu9y2JLnFPvFqstnWPPNqBM8LK8BWw2OTeaR0UgEMm4hOSbrZAKv1/hwZYyiLqnCNjBL87AGSQIgTHCYlsipw=="],

    "@oxlint-tsgolint/win32-x64": ["@oxlint-tsgolint/win32-x64@0.21.1", "", { "os": "win32", "cpu": "x64" }, "sha512-cTEFCFjCj6iXfrSHcvajSPNqhEA4TxSzU3gFxbdGSAUTNXGToU99IbdhWAPSbhcucoym0XE4Zl7E41NiSkNTug=="],

    "@oxlint/binding-android-arm-eabi": ["@oxlint/binding-android-arm-eabi@1.65.0", "", { "os": "android", "cpu": "arm" }, "sha512-jDVaGNURT5pEA9qcabh6WusIoBNybOMMDPCx+EFt+gxo6rVvoUf0+73Xy5x81+ZrxU+ewk5uRBYifjy5pgkcnA=="],

    "@oxlint/binding-android-arm64": ["@oxlint/binding-android-arm64@1.65.0", "", { "os": "android", "cpu": "arm64" }, "sha512-v0z80IWNA7c9RhUydq9YprBxCVZrQ6Ixls2tdxUC1F/1FFqSfa7xTX+EJf0mj6+BKRg2zWXqWfcbJUnETlLlIw=="],

    "@oxlint/binding-darwin-arm64": ["@oxlint/binding-darwin-arm64@1.65.0", "", { "os": "darwin", "cpu": "arm64" }, "sha512-pL/mG/5gMzBwp1gdc5+Cwi87F9j3XRnPxHGyVj5Zd+dCEV5YkKt0L70PB3EGmEEHxgn4H+jnMS3xLuXs6mZW/Q=="],

    "@oxlint/binding-darwin-x64": ["@oxlint/binding-darwin-x64@1.65.0", "", { "os": "darwin", "cpu": "x64" }, "sha512-jVTneaeuHtqTrKYnhrdH1buhnSorinvpy1sv43ayclfWx/e/DfdRWv+h1fopJcHQbYr5WMcZMmDvnfEBkPZ+1A=="],

    "@oxlint/binding-freebsd-x64": ["@oxlint/binding-freebsd-x64@1.65.0", "", { "os": "freebsd", "cpu": "x64" }, "sha512-8lJQ7B6RloYDUhwVdbSpwT2eKsCN5KP1Scn18ly1tytCuhXhbs0nkfKHT4jWWZBJqmynWuzd+78bF7wILrj6pw=="],

    "@oxlint/binding-linux-arm-gnueabihf": ["@oxlint/binding-linux-arm-gnueabihf@1.65.0", "", { "os": "linux", "cpu": "arm" }, "sha512-EgmZY+DeWhLLEnNl70/49j3ltA8I6X9kxMfexupWi2Vwfp6RonGsBaHtGoedLolaU37ne7eDUgoxa3CFB95GZA=="],

    "@oxlint/binding-linux-arm-musleabihf": ["@oxlint/binding-linux-arm-musleabihf@1.65.0", "", { "os": "linux", "cpu": "arm" }, "sha512-OJMWmAYRVBCPPxnYr3j5sXRwHPh1bAuMlTStGco1Z8q3HkvSH4h+A10E9MiRNYmLhUuli5a2P5wmfj8cagiF5Q=="],

    "@oxlint/binding-linux-arm64-gnu": ["@oxlint/binding-linux-arm64-gnu@1.65.0", "", { "os": "linux", "cpu": "arm64" }, "sha512-D8uNi50LsYKgS0vGARZDRx05TBZeSxAVdLGddSEqQLSU7xsiqdImHPEw55xq8sKA5rCc/4au/5uS7FQALWdLCg=="],

    "@oxlint/binding-linux-arm64-musl": ["@oxlint/binding-linux-arm64-musl@1.65.0", "", { "os": "linux", "cpu": "arm64" }, "sha512-IpbA8QGbwFehQhO+YaHwmoI81f93xvywpspf8HrdPCWOIeKwYfM1dhVhO4YKfZewTRRQEPY/JFjTOXTgkwhKrA=="],

    "@oxlint/binding-linux-ppc64-gnu": ["@oxlint/binding-linux-ppc64-gnu@1.65.0", "", { "os": "linux", "cpu": "ppc64" }, "sha512-ZSe8HgaZdgyHSv2+/pTG68z10+OarB18CkFKQOhRs3lmmP/p2vuigedK2e9d0ztoG2DU/duJzhxXBSjy/492HQ=="],

    "@oxlint/binding-linux-riscv64-gnu": ["@oxlint/binding-linux-riscv64-gnu@1.65.0", "", { "os": "linux", "cpu": "none" }, "sha512-DcTERf++v6HyPHukKAr0JFTRqB+YeDEvqzRgNDMaz7jITPf+tlJIwRxodlAqoXMYhNVEZhXdQM5RAAYH8/oPuw=="],

    "@oxlint/binding-linux-riscv64-musl": ["@oxlint/binding-linux-riscv64-musl@1.65.0", "", { "os": "linux", "cpu": "none" }, "sha512-xjhMwuFJwRh40NOBzol4gM5gqAa0xPCJU+GQLM6BydV8TbfkIA7JeyCFNhyfbE9Q/5EWcKYTx62R0cRcjP7DAA=="],

    "@oxlint/binding-linux-s390x-gnu": ["@oxlint/binding-linux-s390x-gnu@1.65.0", "", { "os": "linux", "cpu": "s390x" }, "sha512-lrWSXb8JzboPWYBG6Kunt/eemvjo2oCFXktShsm3yMToY7HjzKLjxh7CljSvGnnZH9oohNFHOKc9xYpGKCPm6w=="],

    "@oxlint/binding-linux-x64-gnu": ["@oxlint/binding-linux-x64-gnu@1.65.0", "", { "os": "linux", "cpu": "x64" }, "sha512-A7xfghw250m4a1sPV+q44Mow2G5bhiC9FBvhAuIhJS6QovWnqzuL5AFQPEuwOB+PM4DhABkqxVa3Iwe3Y/nFlQ=="],

    "@oxlint/binding-linux-x64-musl": ["@oxlint/binding-linux-x64-musl@1.65.0", "", { "os": "linux", "cpu": "x64" }, "sha512-reqOun1+pWO3fW6cv7bsa8hHG0TN3t/82qPdaoJo90FwugXiMjKhZMChmH5Z01cFNRHmxN4+543Fy8478cM/iA=="],

    "@oxlint/binding-openharmony-arm64": ["@oxlint/binding-openharmony-arm64@1.65.0", "", { "os": "none", "cpu": "arm64" }, "sha512-KQpqOb/juDBO0xyloDkVDhOVxDUgAfZ2OAAVq99TJScJDzT319xry1QzB9LQohV9QGnA7p6m/XATZkMXc84lwA=="],

    "@oxlint/binding-win32-arm64-msvc": ["@oxlint/binding-win32-arm64-msvc@1.65.0", "", { "os": "win32", "cpu": "arm64" }, "sha512-xfqcOc3nJFeAd1kDY4T9d3XeJIhr00twaaW0kOAzGPyUHkruXtNJv6zz1Ra9fRtSek5VpW2Yoj5AcwPIlT0ZiQ=="],

    "@oxlint/binding-win32-ia32-msvc": ["@oxlint/binding-win32-ia32-msvc@1.65.0", "", { "os": "win32", "cpu": "ia32" }, "sha512-JV+pXm45p8sdgs3c7LOPAohW23optCNZETFOXUcjn6cS4PYZhEU/RI54Z5dHdMudab3nw7T48PZILthM+Q0COQ=="],

    "@oxlint/binding-win32-x64-msvc": ["@oxlint/binding-win32-x64-msvc@1.65.0", "", { "os": "win32", "cpu": "x64" }, "sha512-D7L/oBbskLss21bYrRbFuIs81AiSQV+wRzwck54dOkHIlq2qu1xjLz8u6jCqGH8Fltk8bB5DLBpVhE7v/fA8XQ=="],

    "@simple-libs/child-process-utils": ["@simple-libs/child-process-utils@1.0.1", "", { "dependencies": { "@simple-libs/stream-utils": "^1.1.0", "@types/node": "^22.0.0" } }, "sha512-3nWd8irxvDI6v856wpPCHZ+08iQR0oHTZfzAZmnbsLzf+Sf1odraP6uKOHDZToXq3RPRV/LbqGVlSCogm9cJjg=="],

    "@simple-libs/stream-utils": ["@simple-libs/stream-utils@1.2.0", "", {}, "sha512-KxXvfapcixpz6rVEB6HPjOUZT22yN6v0vI0urQSk1L8MlEWPDFCZkhw2xmkyoTGYeFw7tWTZd7e3lVzRZRN/EA=="],

    "@types/bun": ["@types/bun@1.3.13", "", { "dependencies": { "bun-types": "1.3.13" } }, "sha512-9fqXWk5YIHGGnUau9TEi+qdlTYDAnOj+xLCmSTwXfAIqXr2x4tytJb43E9uCvt09zJURKXwAtkoH4nLQfzeTXw=="],

    "@types/node": ["@types/node@25.0.3", "", { "dependencies": { "undici-types": "~7.16.0" } }, "sha512-W609buLVRVmeW693xKfzHeIV6nJGGz98uCPfeXI1ELMLXVeKYZ9m15fAMSaUPBHYLGFsVRcMmSCksQOrZV9BYA=="],

    "ajv": ["ajv@8.17.1", "", { "dependencies": { "fast-deep-equal": "^3.1.3", "fast-uri": "^3.0.1", "json-schema-traverse": "^1.0.0", "require-from-string": "^2.0.2" } }, "sha512-B/gBuNg5SiMTrPkC+A2+cW0RszwxYmn6VYxB/inlBStS5nx6xHIt/ehKRhIMhqusl7a8LjQoZnjCs5vhwxOQ1g=="],

    "ansi-regex": ["ansi-regex@6.2.2", "", {}, "sha512-Bq3SmSpyFHaWjPk8If9yc6svM8c56dB5BAtW4Qbw5jHTwwXXcTLoRMkpDJp6VL0XzlWaCHTXrkFURMYmD0sLqg=="],

    "ansi-styles": ["ansi-styles@4.3.0", "", { "dependencies": { "color-convert": "^2.0.1" } }, "sha512-zbB9rCJAT1rbjiVDb2hqKFHNYLxgtk8NURxZ3IZwD3F6NtxbXZQCnnSi1Lkx+IDohdPlFp222wVALIheZJQSEg=="],

    "argparse": ["argparse@2.0.1", "", {}, "sha512-8+9WqebbFzpX9OR+Wa6O29asIogeRMzcGtAINdpMHHyAg10f05aSFVBbcEqGf/PXw1EjAZ+q2/bEBg3DvurK3Q=="],

    "array-ify": ["array-ify@1.0.0", "", {}, "sha512-c5AMf34bKdvPhQ7tBGhqkgKNUzMr4WUs+WDtC2ZUGOUncbxKMTvqxYctiseW3+L4bA8ec+GcZ6/A/FW4m8ukng=="],

    "balanced-match": ["balanced-match@4.0.4", "", {}, "sha512-BLrgEcRTwX2o6gGxGOCNyMvGSp35YofuYzw9h1IMTRmKqttAZZVU67bdb9Pr2vUHA8+j3i2tJfjO6C6+4myGTA=="],

    "brace-expansion": ["brace-expansion@5.0.5", "", { "dependencies": { "balanced-match": "^4.0.2" } }, "sha512-VZznLgtwhn+Mact9tfiwx64fA9erHH/MCXEUfB/0bX/6Fz6ny5EGTXYltMocqg4xFAQZtnO3DHWWXi8RiuN7cQ=="],

    "bun-types": ["bun-types@1.3.13", "", { "dependencies": { "@types/node": "*" } }, "sha512-QXKeHLlOLqQX9LgYaHJfzdBaV21T63HhFJnvuRCcjZiaUDpbs5ED1MgxbMra71CsryN/1dAoXuJJJwIv/2drVA=="],

    "callsites": ["callsites@3.1.0", "", {}, "sha512-P8BjAsXvZS+VIDUI11hHCQEv74YT67YUi5JJFNWIqL235sBmjX4+qx9Muvls5ivyNENctx46xQLQ3aTuE7ssaQ=="],

    "chalk": ["chalk@4.1.2", "", { "dependencies": { "ansi-styles": "^4.1.0", "supports-color": "^7.1.0" } }, "sha512-oKnbhFyRIXpUuez8iBMmyEa4nbj4IOQyuhc/wy9kY7/WVPcwIO9VA668Pu8RkO7+0G76SLROeyw9CpQ061i4mA=="],

    "citty": ["citty@0.2.2", "", {}, "sha512-+6vJA3L98yv+IdfKGZHBNiGW5KHn22e/JwID0Strsz8h4S/csAu/OuICwxrg44k5MRiZHWIo8XXuJgQTriRP4w=="],

    "cliui": ["cliui@9.0.1", "", { "dependencies": { "string-width": "^7.2.0", "strip-ansi": "^7.1.0", "wrap-ansi": "^9.0.0" } }, "sha512-k7ndgKhwoQveBL+/1tqGJYNz097I7WOvwbmmU2AR5+magtbjPWQTS1C5vzGkBC8Ym8UWRzfKUzUUqFLypY4Q+w=="],

    "color-convert": ["color-convert@2.0.1", "", { "dependencies": { "color-name": "~1.1.4" } }, "sha512-RRECPsj7iu/xb5oKYcsFHSppFNnsj/52OVTRKb4zP5onXwVF3zVmmToNcOfGC+CRDpfK/U584fMg38ZHCaElKQ=="],

    "color-name": ["color-name@1.1.4", "", {}, "sha512-dOy+3AuW3a2wNbZHIuMZpTcgjGuLU/uBL/ubcZF9OXbDo8ff4O8yVp5Bf0efS8uEoYo5q4Fx7dY9OgQGXgAsQA=="],

    "commander": ["commander@14.0.3", "", {}, "sha512-H+y0Jo/T1RZ9qPP4Eh1pkcQcLRglraJaSLoyOtHxu6AapkjWVCy2Sit1QQ4x3Dng8qDlSsZEet7g5Pq06MvTgw=="],

    "commitlint-config-gitmoji": ["commitlint-config-gitmoji@2.3.1", "", { "dependencies": { "@commitlint/types": "^17", "@gitmoji/commit-types": "1.1.5", "@gitmoji/parser-opts": "1.4.0", "commitlint-plugin-gitmoji": "2.2.6" } }, "sha512-T15ssbsyNc6szHlnGWo0/xvIA1mObqM70E9TwKNVTpksxhm+OdFht8hvDdKJAVi4nlZX5tcfTeILOi7SHBGH3w=="],

    "commitlint-plugin-gitmoji": ["commitlint-plugin-gitmoji@2.2.6", "", { "dependencies": { "@commitlint/types": "^17", "@gitmoji/gitmoji-regex": "1.0.0", "gitmojis": "^3" } }, "sha512-oKHPHeNXby0Ix0ZbHVSK5ZyPx1V4fyBjLOy93cYwXhOEPXe36nkDc/HDPFfQpzx1vz39277TaP9LScbqTbscfQ=="],

    "compare-func": ["compare-func@2.0.0", "", { "dependencies": { "array-ify": "^1.0.0", "dot-prop": "^5.1.0" } }, "sha512-zHig5N+tPWARooBnb0Zx1MFcdfpyJrfTJ3Y5L+IFvUm8rM74hHz66z0gw0x4tijh5CorKkKUCnW82R2vmpeCRA=="],

    "conventional-changelog-angular": ["conventional-changelog-angular@8.3.1", "", { "dependencies": { "compare-func": "^2.0.0" } }, "sha512-6gfI3otXK5Ph5DfCOI1dblr+kN3FAm5a97hYoQkqNZxOaYa5WKfXH+AnpsmS+iUH2mgVC2Cg2Qw9m5OKcmNrIg=="],

    "conventional-changelog-conventionalcommits": ["conventional-changelog-conventionalcommits@9.3.1", "", { "dependencies": { "compare-func": "^2.0.0" } }, "sha512-dTYtpIacRpcZgrvBYvBfArMmK2xvIpv2TaxM0/ZI5CBtNUzvF2x0t15HsbRABWprS6UPmvj+PzHVjSx4qAVKyw=="],

    "conventional-commits-parser": ["conventional-commits-parser@6.4.0", "", { "dependencies": { "@simple-libs/stream-utils": "^1.2.0", "meow": "^13.0.0" }, "bin": { "conventional-commits-parser": "dist/cli/index.js" } }, "sha512-tvRg7FIBNlyPzjdG8wWRlPHQJJHI7DylhtRGeU9Lq+JuoPh5BKpPRX83ZdLrvXuOSu5Eo/e7SzOQhU4Hd2Miuw=="],

    "cosmiconfig": ["cosmiconfig@9.0.1", "", { "dependencies": { "env-paths": "^2.2.1", "import-fresh": "^3.3.0", "js-yaml": "^4.1.0", "parse-json": "^5.2.0" }, "peerDependencies": { "typescript": ">=4.9.5" }, "optionalPeers": ["typescript"] }, "sha512-hr4ihw+DBqcvrsEDioRO31Z17x71pUYoNe/4h6Z0wB72p7MU7/9gH8Q3s12NFhHPfYBBOV3qyfUxmr/Yn3shnQ=="],

    "cosmiconfig-typescript-loader": ["cosmiconfig-typescript-loader@6.2.0", "", { "dependencies": { "jiti": "^2.6.1" }, "peerDependencies": { "@types/node": "*", "cosmiconfig": ">=9", "typescript": ">=5" } }, "sha512-GEN39v7TgdxgIoNcdkRE3uiAzQt3UXLyHbRHD6YoL048XAeOomyxaP+Hh/+2C6C2wYjxJ2onhJcsQp+L4YEkVQ=="],

    "cross-spawn": ["cross-spawn@7.0.6", "", { "dependencies": { "path-key": "^3.1.0", "shebang-command": "^2.0.0", "which": "^2.0.1" } }, "sha512-uV2QOWP2nWzsy2aMp8aRibhi9dlzF5Hgh5SHaB9OiTGEyDTiJJyx0uy51QXdyWbtAHNua4XJzUKca3OzKUd3vA=="],

    "deepmerge": ["deepmerge@4.3.1", "", {}, "sha512-3sUqbMEc77XqpdNO7FRyRog+eW3ph+GYCbj+rK+uYyRMuwsVy0rMiVtPn+QJlKFvWP/1PYpapqYn0Me2knFn+A=="],

    "dot-prop": ["dot-prop@5.3.0", "", { "dependencies": { "is-obj": "^2.0.0" } }, "sha512-QM8q3zDe58hqUqjraQOmzZ1LIH9SWQJTlEKCH4kJ2oQvLZk7RbQXvtDM2XEq3fwkV9CCvvH4LA0AV+ogFsBM2Q=="],

    "emoji-regex": ["emoji-regex@10.6.0", "", {}, "sha512-toUI84YS5YmxW219erniWD0CIVOo46xGKColeNQRgOzDorgBi1v4D71/OFzgD9GO2UGKIv1C3Sp8DAn0+j5w7A=="],

    "env-paths": ["env-paths@2.2.1", "", {}, "sha512-+h1lkLKhZMTYjog1VEpJNG7NZJWcuc2DDk/qsqSTRRCOXiLjeQ1d1/udrUGhqMxUgAlwKNZ0cf2uqan5GLuS2A=="],

    "error-ex": ["error-ex@1.3.4", "", { "dependencies": { "is-arrayish": "^0.2.1" } }, "sha512-sqQamAnR14VgCr1A618A3sGrygcpK+HEbenA/HiEAkkUwcZIIB/tgWqHFxWgOyDh4nB4JCRimh79dR5Ywc9MDQ=="],

    "es-toolkit": ["es-toolkit@1.46.1", "", {}, "sha512-5eNtXOs3tbfxXOj04tjjseeWkRWaoCjdEI+96DgwzZoe6c9juL49pXlzAFTI72aWC9Y8p7168g6XIKjh7k6pyQ=="],

    "escalade": ["escalade@3.2.0", "", {}, "sha512-WUj2qlxaQtO4g6Pq5c29GTcWGDyd8itL8zTlipgECz3JesAiiOKotd8JU6otB3PACgG6xkJUyVhboMS+bje/jA=="],

    "fast-deep-equal": ["fast-deep-equal@3.1.3", "", {}, "sha512-f3qQ9oQy9j2AhBe/H9VC91wLmKBCCU/gDOnKNAYG5hswO7BLKj09Hc5HYNz9cGI++xlpDCIgDaitVs03ATR84Q=="],

    "fast-string-truncated-width": ["fast-string-truncated-width@3.0.3", "", {}, "sha512-0jjjIEL6+0jag3l2XWWizO64/aZVtpiGE3t0Zgqxv0DPuxiMjvB3M24fCyhZUO4KomJQPj3LTSUnDP3GpdwC0g=="],

    "fast-string-width": ["fast-string-width@3.0.2", "", { "dependencies": { "fast-string-truncated-width": "^3.0.2" } }, "sha512-gX8LrtNEI5hq8DVUfRQMbr5lpaS4nMIWV+7XEbXk2b8kiQIizgnlr12B4dA3ZEx3308ze0O4Q1R+cHts8kyUJg=="],

    "fast-uri": ["fast-uri@3.1.0", "", {}, "sha512-iPeeDKJSWf4IEOasVVrknXpaBV0IApz/gp7S2bb7Z4Lljbl2MGJRqInZiUrQwV16cpzw/D3S5j5Julj/gT52AA=="],

    "fast-wrap-ansi": ["fast-wrap-ansi@0.2.0", "", { "dependencies": { "fast-string-width": "^3.0.2" } }, "sha512-rLV8JHxTyhVmFYhBJuMujcrHqOT2cnO5Zxj37qROj23CP39GXubJRBUFF0z8KFK77Uc0SukZUf7JZhsVEQ6n8w=="],

    "get-caller-file": ["get-caller-file@2.0.5", "", {}, "sha512-DyFP3BM/3YHTQOCUL/w0OZHR0lpKeGrxotcHWcqNEdnltqFwXVfhEBQ94eIo34AfQpo0rGki4cyIiftY06h2Fg=="],

    "get-east-asian-width": ["get-east-asian-width@1.6.0", "", {}, "sha512-QRbvDIbx6YklUe6RxeTeleMR0yv3cYH6PsPZHcnVn7xv7zO1BHN8r0XETu8n6Ye3Q+ahtSarc3WgtNWmehIBfA=="],

    "git-raw-commits": ["git-raw-commits@5.0.1", "", { "dependencies": { "@conventional-changelog/git-client": "^2.6.0", "meow": "^13.0.0" }, "bin": { "git-raw-commits": "src/cli.js" } }, "sha512-Y+csSm2GD/PCSh6Isd/WiMjNAydu0VBiG9J7EdQsNA5P9uXvLayqjmTsNlK5Gs9IhblFZqOU0yid5Il5JPoLiQ=="],

    "gitmojis": ["gitmojis@3.15.0", "", {}, "sha512-28sothO0+6UuXx0fnJXi4kqy2/dKeFN3xL2Ss5k5K5ECBJMi5T2kZLY92xys3/+YD+AgKHgeiw7YQpYKnkCLMg=="],

    "glob": ["glob@13.0.6", "", { "dependencies": { "minimatch": "^10.2.2", "minipass": "^7.1.3", "path-scurry": "^2.0.2" } }, "sha512-Wjlyrolmm8uDpm/ogGyXZXb1Z+Ca2B8NbJwqBVg0axK9GbBeoS7yGV6vjXnYdGm6X53iehEuxxbyiKp8QmN4Vw=="],

    "global-directory": ["global-directory@5.0.0", "", { "dependencies": { "ini": "6.0.0" } }, "sha512-1pgFdhK3J2LeM+dVf2Pd424yHx2ou338lC0ErNP2hPx4j8eW1Sp0XqSjNxtk6Tc4Kr5wlWtSvz8cn2yb7/SG/w=="],

    "has-flag": ["has-flag@4.0.0", "", {}, "sha512-EykJT/Q1KjTWctppgIAgfSO0tKVuZUjhgMr17kqTumMl6Afv3EISleU7qZUzoXDFTAHTDC4NOoG/ZxU3EvlMPQ=="],

    "husky": ["husky@9.1.7", "", { "bin": { "husky": "bin.js" } }, "sha512-5gs5ytaNjBrh5Ow3zrvdUUY+0VxIuWVL4i9irt6friV+BqdCfmV11CQTWMiBYWHbXhco+J1kHfTOUkePhCDvMA=="],

    "import-fresh": ["import-fresh@3.3.1", "", { "dependencies": { "parent-module": "^1.0.0", "resolve-from": "^4.0.0" } }, "sha512-TR3KfrTZTYLPB6jUjfx6MF9WcWrHL9su5TObK4ZkYgBdWKPOFoSoQIdEuTuR82pmtxH2spWG9h6etwfr1pLBqQ=="],

    "ini": ["ini@6.0.0", "", {}, "sha512-IBTdIkzZNOpqm7q3dRqJvMaldXjDHWkEDfrwGEQTs5eaQMWV+djAhR+wahyNNMAa+qpbDUhBMVt4ZKNwpPm7xQ=="],

    "is-arrayish": ["is-arrayish@0.2.1", "", {}, "sha512-zz06S8t0ozoDXMG+ube26zeCTNXcKIPJZJi8hBrF4idCLms4CG9QtK7qBl1boi5ODzFpjswb5JPmHCbMpjaYzg=="],

    "is-obj": ["is-obj@2.0.0", "", {}, "sha512-drqDG3cbczxxEJRoOXcOjtdp1J/lyp1mNn0xaznRs8+muBhgQcrnbspox5X5fOw0HnMnbfDzvnEMEtqDEJEo8w=="],

    "is-plain-obj": ["is-plain-obj@4.1.0", "", {}, "sha512-+Pgi+vMuUNkJyExiMBt5IlFoMyKnr5zhJ4Uspz58WOhBF5QoIZkFyNHIbBAtHwzVAgk5RtndVNsDRN61/mmDqg=="],

    "isexe": ["isexe@2.0.0", "", {}, "sha512-RHxMLp9lnKHGHRng9QFhRCMbYAcVpn69smSGcq3f36xjgVVWThj4qqLbTLlq7Ssj8B+fIQ1EuCEGI2lKsyQeIw=="],

    "jiti": ["jiti@2.6.1", "", { "bin": { "jiti": "lib/jiti-cli.mjs" } }, "sha512-ekilCSN1jwRvIbgeg/57YFh8qQDNbwDb9xT/qu2DAHbFFZUicIl4ygVaAvzveMhMVr3LnpSKTNnwt8PoOfmKhQ=="],

    "js-tokens": ["js-tokens@4.0.0", "", {}, "sha512-RdJUflcE3cUzKiMqQgsCu06FPu9UdIJO0beYbPhHN4k6apgJtifcoCtT9bcxOpYBtpD2kCM6Sbzg4CausW/PKQ=="],

    "js-yaml": ["js-yaml@4.1.1", "", { "dependencies": { "argparse": "^2.0.1" }, "bin": { "js-yaml": "bin/js-yaml.js" } }, "sha512-qQKT4zQxXl8lLwBtHMWwaTcGfFOZviOJet3Oy/xmGk2gZH677CJM9EvtfdSkgWcATZhj/55JZ0rmy3myCT5lsA=="],

    "json-parse-even-better-errors": ["json-parse-even-better-errors@2.3.1", "", {}, "sha512-xyFwyhro/JEof6Ghe2iz2NcXoj2sloNsWr/XsERDK/oiPCfaNhl5ONfp+jQdAZRQQ0IJWNzH9zIZF7li91kh2w=="],

    "json-schema-traverse": ["json-schema-traverse@1.0.0", "", {}, "sha512-NM8/P9n3XjXhIZn1lLhkFaACTOURQXjWhV4BA/RnOv8xvgqtqpAX9IO4mRQxSx1Rlo4tqzeqb0sOlruaOy3dug=="],

    "jsonc-parser": ["jsonc-parser@3.3.1", "", {}, "sha512-HUgH65KyejrUFPvHFPbqOY0rsFip3Bo5wb4ngvdi1EpCYWUQDC5V+Y7mZws+DLkr4M//zQJoanu1SP+87Dv1oQ=="],

    "lines-and-columns": ["lines-and-columns@1.2.4", "", {}, "sha512-7ylylesZQ/PV29jhEDl3Ufjo6ZX7gCqJr5F7PKrqc93v7fzSymt1BpwEU8nAUXs8qzzvqhbjhK5QZg6Mt/HkBg=="],

    "lru-cache": ["lru-cache@11.3.5", "", {}, "sha512-NxVFwLAnrd9i7KUBxC4DrUhmgjzOs+1Qm50D3oF1/oL+r1NpZ4gA7xvG0/zJ8evR7zIKn4vLf7qTNduWFtCrRw=="],

    "meow": ["meow@13.2.0", "", {}, "sha512-pxQJQzB6djGPXh08dacEloMFopsOqGVRKFPYvPOt9XDZ1HasbgDZA74CJGreSU4G3Ak7EFJGoiH2auq+yXISgA=="],

    "minimatch": ["minimatch@10.2.5", "", { "dependencies": { "brace-expansion": "^5.0.5" } }, "sha512-MULkVLfKGYDFYejP07QOurDLLQpcjk7Fw+7jXS2R2czRQzR56yHRveU5NDJEOviH+hETZKSkIk5c+T23GjFUMg=="],

    "minipass": ["minipass@7.1.3", "", {}, "sha512-tEBHqDnIoM/1rXME1zgka9g6Q2lcoCkxHLuc7ODJ5BxbP5d4c2Z5cGgtXAku59200Cx7diuHTOYfSBD8n6mm8A=="],

    "nano-staged": ["nano-staged@1.0.2", "", { "bin": { "nano-staged": "lib/bin.js" } }, "sha512-Fytar3zHLY99nlMfqPPbraxZodqQAHPpdPRyYaplL+lB9DCR6pUrafxbG+Btz4+7fO5Rm/+DO4ZeDO/nLSUMhw=="],

    "nypm": ["nypm@0.6.6", "", { "dependencies": { "citty": "^0.2.2", "pathe": "^2.0.3", "tinyexec": "^1.1.1" }, "bin": { "nypm": "dist/cli.mjs" } }, "sha512-vRyr0r4cbBapw07Xw8xrj9Teq3o7MUD35rSaTcanDbW+aK2XHDgJFiU6ZTj2GBw7Q12ysdsyFss+Vdz4hQ0Y6Q=="],

    "oxfmt": ["oxfmt@0.50.0", "", { "dependencies": { "tinypool": "2.1.0" }, "optionalDependencies": { "@oxfmt/binding-android-arm-eabi": "0.50.0", "@oxfmt/binding-android-arm64": "0.50.0", "@oxfmt/binding-darwin-arm64": "0.50.0", "@oxfmt/binding-darwin-x64": "0.50.0", "@oxfmt/binding-freebsd-x64": "0.50.0", "@oxfmt/binding-linux-arm-gnueabihf": "0.50.0", "@oxfmt/binding-linux-arm-musleabihf": "0.50.0", "@oxfmt/binding-linux-arm64-gnu": "0.50.0", "@oxfmt/binding-linux-arm64-musl": "0.50.0", "@oxfmt/binding-linux-ppc64-gnu": "0.50.0", "@oxfmt/binding-linux-riscv64-gnu": "0.50.0", "@oxfmt/binding-linux-riscv64-musl": "0.50.0", "@oxfmt/binding-linux-s390x-gnu": "0.50.0", "@oxfmt/binding-linux-x64-gnu": "0.50.0", "@oxfmt/binding-linux-x64-musl": "0.50.0", "@oxfmt/binding-openharmony-arm64": "0.50.0", "@oxfmt/binding-win32-arm64-msvc": "0.50.0", "@oxfmt/binding-win32-ia32-msvc": "0.50.0", "@oxfmt/binding-win32-x64-msvc": "0.50.0" }, "peerDependencies": { "svelte": "^5.0.0" }, "optionalPeers": ["svelte"], "bin": { "oxfmt": "bin/oxfmt" } }, "sha512-owwjTnhfM5aCOJhYeqDvk7iM504OeYFZpdRU7cxx7xtZMo4uVpjlryTUon+Cf76CugsvnqA32e6rC73pr1hXaw=="],

    "oxlint": ["oxlint@1.65.0", "", { "optionalDependencies": { "@oxlint/binding-android-arm-eabi": "1.65.0", "@oxlint/binding-android-arm64": "1.65.0", "@oxlint/binding-darwin-arm64": "1.65.0", "@oxlint/binding-darwin-x64": "1.65.0", "@oxlint/binding-freebsd-x64": "1.65.0", "@oxlint/binding-linux-arm-gnueabihf": "1.65.0", "@oxlint/binding-linux-arm-musleabihf": "1.65.0", "@oxlint/binding-linux-arm64-gnu": "1.65.0", "@oxlint/binding-linux-arm64-musl": "1.65.0", "@oxlint/binding-linux-ppc64-gnu": "1.65.0", "@oxlint/binding-linux-riscv64-gnu": "1.65.0", "@oxlint/binding-linux-riscv64-musl": "1.65.0", "@oxlint/binding-linux-s390x-gnu": "1.65.0", "@oxlint/binding-linux-x64-gnu": "1.65.0", "@oxlint/binding-linux-x64-musl": "1.65.0", "@oxlint/binding-openharmony-arm64": "1.65.0", "@oxlint/binding-win32-arm64-msvc": "1.65.0", "@oxlint/binding-win32-ia32-msvc": "1.65.0", "@oxlint/binding-win32-x64-msvc": "1.65.0" }, "peerDependencies": { "oxlint-tsgolint": ">=0.22.1" }, "optionalPeers": ["oxlint-tsgolint"], "bin": { "oxlint": "bin/oxlint" } }, "sha512-ChUuE3Q7XnAbscvT4XLMsH7HFJmLgLVv9lu+RRgFL5wSXnDqUOzTp5IS8qWDBGd/ZDSzQ2tbX8fjAmijlGLC7A=="],

    "oxlint-tsgolint": ["oxlint-tsgolint@0.21.1", "", { "optionalDependencies": { "@oxlint-tsgolint/darwin-arm64": "0.21.1", "@oxlint-tsgolint/darwin-x64": "0.21.1", "@oxlint-tsgolint/linux-arm64": "0.21.1", "@oxlint-tsgolint/linux-x64": "0.21.1", "@oxlint-tsgolint/win32-arm64": "0.21.1", "@oxlint-tsgolint/win32-x64": "0.21.1" }, "bin": { "tsgolint": "bin/tsgolint.js" } }, "sha512-O2hxiT14C2HJkwzBU6CQBFPoagSd/IcV+Tt3e3UUaXFwbW4BO5DSDPSSboc3UM5MIDY+MLyepvtQwBQafNxWdw=="],

    "parent-module": ["parent-module@1.0.1", "", { "dependencies": { "callsites": "^3.0.0" } }, "sha512-GQ2EWRpQV8/o+Aw8YqtfZZPfNRWZYkbidE9k5rpl/hC3vtHHBfGm2Ifi6qWV+coDGkrUKZAxE3Lot5kcsRlh+g=="],

    "parse-json": ["parse-json@5.2.0", "", { "dependencies": { "@babel/code-frame": "^7.0.0", "error-ex": "^1.3.1", "json-parse-even-better-errors": "^2.3.0", "lines-and-columns": "^1.1.6" } }, "sha512-ayCKvm/phCGxOkYRSCM82iDwct8/EonSEgCSxWxD7ve6jHggsFl4fZVQBPRNgQoKiuV/odhFrGzQXZwbifC8Rg=="],

    "path-key": ["path-key@3.1.1", "", {}, "sha512-ojmeN0qd+y0jszEtoY48r0Peq5dwMEkIlCOu6Q5f41lfkswXuKtYrhgoTpLnyIcHm24Uhqx+5Tqm2InSwLhE6Q=="],

    "path-scurry": ["path-scurry@2.0.2", "", { "dependencies": { "lru-cache": "^11.0.0", "minipass": "^7.1.2" } }, "sha512-3O/iVVsJAPsOnpwWIeD+d6z/7PmqApyQePUtCndjatj/9I5LylHvt5qluFaBT3I5h3r1ejfR056c+FCv+NnNXg=="],

    "pathe": ["pathe@2.0.3", "", {}, "sha512-WUjGcAqP1gQacoQe+OBJsFA7Ld4DyXuUIjZ5cc75cLHvJ7dtNsTugphxIADwspS+AraAUePCKrSVtPLFj/F88w=="],

    "picocolors": ["picocolors@1.1.1", "", {}, "sha512-xceH2snhtb5M9liqDsmEw56le376mTZkEX/jEb/RxNFyegNul7eNslCXP9FDj/Lcu0X8KEyMceP2ntpaHrDEVA=="],

    "require-from-string": ["require-from-string@2.0.2", "", {}, "sha512-Xf0nWe6RseziFMu+Ap9biiUbmplq6S9/p+7w7YXP/JBHhrUDDUhwa+vANyubuqfZWTveU//DYVGsDG7RKL/vEw=="],

    "resolve-from": ["resolve-from@5.0.0", "", {}, "sha512-qYg9KP24dD5qka9J47d0aVky0N+b4fTU89LN9iDnjB5waksiC49rvMB0PrUJQGoTmH50XPiqOvAjDfaijGxYZw=="],

    "semver": ["semver@7.7.3", "", { "bin": { "semver": "bin/semver.js" } }, "sha512-SdsKMrI9TdgjdweUSR9MweHA4EJ8YxHn8DFaDisvhVlUOe4BF1tLD7GAj0lIqWVl+dPb/rExr0Btby5loQm20Q=="],

    "shebang-command": ["shebang-command@2.0.0", "", { "dependencies": { "shebang-regex": "^3.0.0" } }, "sha512-kHxr2zZpYtdmrN1qDjrrX/Z1rR1kG8Dx+gkpK1G4eXmvXswmcE1hTWBWYUzlraYw1/yZp6YuDY77YtvbN0dmDA=="],

    "shebang-regex": ["shebang-regex@3.0.0", "", {}, "sha512-7++dFhtcx3353uBaq8DDR4NuxBetBzC7ZQOhmTQInHEd6bSrXdiEyzCvG07Z44UYdLShWUyXt5M/yhz8ekcb1A=="],

    "sisteransi": ["sisteransi@1.0.5", "", {}, "sha512-bLGGlR1QxBcynn2d5YmDX4MGjlZvy2MRBDRNHLJ8VI6l6+9FUiyTFNJ0IveOSP0bcXgVDPRcfGqA0pjaqUpfVg=="],

    "string-width": ["string-width@7.2.0", "", { "dependencies": { "emoji-regex": "^10.3.0", "get-east-asian-width": "^1.0.0", "strip-ansi": "^7.1.0" } }, "sha512-tsaTIkKW9b4N+AEj+SVA+WhJzV7/zMhcSu78mLKWSk7cXMOSHsBKFWUs0fWwq8QyK3MgJBQRX6Gbi4kYbdvGkQ=="],

    "strip-ansi": ["strip-ansi@7.2.0", "", { "dependencies": { "ansi-regex": "^6.2.2" } }, "sha512-yDPMNjp4WyfYBkHnjIRLfca1i6KMyGCtsVgoKe/z1+6vukgaENdgGBZt+ZmKPc4gavvEZ5OgHfHdrazhgNyG7w=="],

    "supports-color": ["supports-color@7.2.0", "", { "dependencies": { "has-flag": "^4.0.0" } }, "sha512-qpCAvRl9stuOHveKsn7HncJRvv501qIacKzQlO/+Lwxc9+0q2wLyv4Dfvt80/DPn2pqOBsJdDiogXGR9+OvwRw=="],

    "tinyexec": ["tinyexec@1.0.2", "", {}, "sha512-W/KYk+NFhkmsYpuHq5JykngiOCnxeVL8v8dFnqxSD8qEEdRfXk1SDM6JzNqcERbcGYj9tMrDQBYV9cjgnunFIg=="],

    "tinypool": ["tinypool@2.1.0", "", {}, "sha512-Pugqs6M0m7Lv1I7FtxN4aoyToKg1C4tu+/381vH35y8oENM/Ai7f7C4StcoK4/+BSw9ebcS8jRiVrORFKCALLw=="],

    "typescript": ["typescript@6.0.3", "", { "bin": { "tsc": "bin/tsc", "tsserver": "bin/tsserver" } }, "sha512-y2TvuxSZPDyQakkFRPZHKFm+KKVqIisdg9/CZwm9ftvKXLP8NRWj38/ODjNbr43SsoXqNuAisEf1GdCxqWcdBw=="],

    "ultracite": ["ultracite@7.7.0", "", { "dependencies": { "@clack/prompts": "^1.3.0", "commander": "^14.0.3", "cross-spawn": "^7.0.6", "deepmerge": "^4.3.1", "glob": "^13.0.6", "jsonc-parser": "^3.3.1", "nypm": "^0.6.6", "yaml": "^2.8.4", "zod": "^4.4.3" }, "peerDependencies": { "oxfmt": ">=0.1.0", "oxlint": "^1.0.0" }, "optionalPeers": ["oxfmt", "oxlint"], "bin": { "ultracite": "dist/index.js" } }, "sha512-ygdKJwOloPuBXccmpgAOzyNBf+XPqFxDeIP59GF4idZ+YS7Lr1lp5favgtkPtenKUV8bc+nkoOJBy0bb/+7IxA=="],

    "undici-types": ["undici-types@7.16.0", "", {}, "sha512-Zz+aZWSj8LE6zoxD+xrjh4VfkIG8Ya6LvYkZqtUQGJPZjYl53ypCaUwWqo7eI0x66KBGeRo+mlBEkMSeSZ38Nw=="],

    "which": ["which@2.0.2", "", { "dependencies": { "isexe": "^2.0.0" }, "bin": { "node-which": "./bin/node-which" } }, "sha512-BLI3Tl1TW3Pvl70l3yq3Y64i+awpwXqsGBYWkkqMtnbXgrMD+yj7rhW0kuEDxzJaYXGjEW5ogapKNMEKNMjibA=="],

    "wrap-ansi": ["wrap-ansi@9.0.2", "", { "dependencies": { "ansi-styles": "^6.2.1", "string-width": "^7.0.0", "strip-ansi": "^7.1.0" } }, "sha512-42AtmgqjV+X1VpdOfyTGOYRi0/zsoLqtXQckTmqTeybT+BDIbM/Guxo7x3pE2vtpr1ok6xRqM9OpBe+Jyoqyww=="],

    "y18n": ["y18n@5.0.8", "", {}, "sha512-0pfFzegeDWJHJIAmTLRP2DwHjdF5s7jo9tuztdQxAhINCdvS+3nGINqPd00AphqJR/0LhANUS6/+7SCb98YOfA=="],

    "yaml": ["yaml@2.9.0", "", { "bin": { "yaml": "bin.mjs" } }, "sha512-2AvhNX3mb8zd6Zy7INTtSpl1F15HW6Wnqj0srWlkKLcpYl/gMIMJiyuGq2KeI2YFxUPjdlB+3Lc10seMLtL4cA=="],

    "yargs": ["yargs@18.0.0", "", { "dependencies": { "cliui": "^9.0.1", "escalade": "^3.1.1", "get-caller-file": "^2.0.5", "string-width": "^7.2.0", "y18n": "^5.0.5", "yargs-parser": "^22.0.0" } }, "sha512-4UEqdc2RYGHZc7Doyqkrqiln3p9X2DZVxaGbwhn2pi7MrRagKaOcIKe8L3OxYcbhXLgLFUS3zAYuQjKBQgmuNg=="],

    "yargs-parser": ["yargs-parser@22.0.0", "", {}, "sha512-rwu/ClNdSMpkSrUb+d6BRsSkLUq1fmfsY6TOpYzTwvwkg1/NRG85KBy3kq++A8LKQwX6lsu+aWad+2khvuXrqw=="],

    "zod": ["zod@4.4.3", "", {}, "sha512-ytENFjIJFl2UwYglde2jchW2Hwm4GJFLDiSXWdTrJQBIN9Fcyp7n4DhxJEiWNAJMV1/BqWfW/kkg71UDcHJyTQ=="],

    "@commitlint/read/tinyexec": ["tinyexec@1.1.2", "", {}, "sha512-dAqSqE/RabpBKI8+h26GfLq6Vb3JVXs30XYQjdMjaj/c2tS8IYYMbIzP599KtRj7c57/wYApb3QjgRgXmrCukA=="],

    "@simple-libs/child-process-utils/@simple-libs/stream-utils": ["@simple-libs/stream-utils@1.1.0", "", { "dependencies": { "@types/node": "^22.0.0" } }, "sha512-6rsHTjodIn/t90lv5snQjRPVtOosM7Vp0AKdrObymq45ojlgVwnpAqdc+0OBBrpEiy31zZ6/TKeIVqV1HwvnuQ=="],

    "@simple-libs/child-process-utils/@types/node": ["@types/node@22.19.3", "", { "dependencies": { "undici-types": "~6.21.0" } }, "sha512-1N9SBnWYOJTrNZCdh/yJE+t910Y128BoyY+zBLWhL3r0TYzlTmFdXrPwHL9DyFZmlEXNQQolTZh3KHV31QDhyA=="],

    "commitlint-config-gitmoji/@commitlint/types": ["@commitlint/types@17.8.1", "", { "dependencies": { "chalk": "^4.1.0" } }, "sha512-PXDQXkAmiMEG162Bqdh9ChML/GJZo6vU+7F03ALKDK8zYc6SuAr47LjG7hGYRqUOz+WK0dU7bQ0xzuqFMdxzeQ=="],

    "commitlint-plugin-gitmoji/@commitlint/types": ["@commitlint/types@17.8.1", "", { "dependencies": { "chalk": "^4.1.0" } }, "sha512-PXDQXkAmiMEG162Bqdh9ChML/GJZo6vU+7F03ALKDK8zYc6SuAr47LjG7hGYRqUOz+WK0dU7bQ0xzuqFMdxzeQ=="],

    "import-fresh/resolve-from": ["resolve-from@4.0.0", "", {}, "sha512-pb/MYmXstAkysRFx8piNI1tGFNQIFA3vkE3Gq4EuA1dF6gHp/+vgZqsCGJapvy8N3Q+4o7FwvquPJcnZ7RYy4g=="],

    "nypm/tinyexec": ["tinyexec@1.1.2", "", {}, "sha512-dAqSqE/RabpBKI8+h26GfLq6Vb3JVXs30XYQjdMjaj/c2tS8IYYMbIzP599KtRj7c57/wYApb3QjgRgXmrCukA=="],

    "wrap-ansi/ansi-styles": ["ansi-styles@6.2.3", "", {}, "sha512-4Dj6M28JB+oAH8kFkTLUo+a2jwOFkuqb3yucU0CANcRRUbxS0cP0nZYCGjcc3BNXwRIsUVmDGgzawme7zvJHvg=="],

    "@simple-libs/child-process-utils/@types/node/undici-types": ["undici-types@6.21.0", "", {}, "sha512-iwDZqg0QAGrg9Rav5H4n0M64c3mkR59cJ6wQp+7C4nI0gsmExaedaYLNO44eT4AtBBwjbTiGPMlt2Md0T9H9JQ=="],
  }
}
