{
  "lockfileVersion": 1,
  "configVersion": 1,
  "workspaces": {
    "": {
      "name": "@kekkon-nexus/config",
      "dependencies": {
        "@commitlint/config-conventional": "^21.2",
        "@commitlint/format": "^21.2",
        "@standard-config/oxlint": "^2.3.0",
        "commitlint-config-gitmoji": "^2.3.1",
      },
      "devDependencies": {
        "@commitlint/cli": "^21.2.0",
        "@commitlint/types": "^21.2.0",
        "@types/bun": "latest",
        "husky": "^9.1.7",
        "nano-staged": "^1.0.2",
        "oxfmt": ">=0.57.0<1",
        "oxlint": "^1.72.0",
        "typescript": "^6.0.3",
      },
      "peerDependencies": {
        "@commitlint/cli": "^21.2",
        "husky": "^9",
        "nano-staged": "^1",
        "oxfmt": ">=0.57<1",
        "oxlint": "^1.72",
        "oxlint-tsgolint": ">=0.24<1",
        "typescript": "^6",
      },
      "optionalPeers": [
        "@commitlint/cli",
        "husky",
        "nano-staged",
        "oxfmt",
        "oxlint",
      ],
    },
  },
  "overrides": {
    "conventional-commits-parser": "^7",
    "meow": "^14",
  },
  "packages": {
    "@babel/code-frame": ["@babel/code-frame@7.27.1", "", { "dependencies": { "@babel/helper-validator-identifier": "^7.27.1", "js-tokens": "^4.0.0", "picocolors": "^1.1.1" } }, "sha512-cjQ7ZlQ0Mv3b47hABuTevyTuYN4i+loJKGeV9flcCgIK37cCXRh+L1bd3iBHlynerhQ7BhCkn2BPbQUL+rGqFg=="],

    "@babel/helper-validator-identifier": ["@babel/helper-validator-identifier@7.28.5", "", {}, "sha512-qSs4ifwzKJSV39ucNjsvc6WVHs6b7S03sOh2OcHF9UHfVPqWWALUsNUVzhSBiItjRZoLHx7nIarVjqKVusUZ1Q=="],

    "@commitlint/cli": ["@commitlint/cli@21.2.0", "", { "dependencies": { "@commitlint/config-conventional": "^21.2.0", "@commitlint/format": "^21.2.0", "@commitlint/lint": "^21.2.0", "@commitlint/load": "^21.2.0", "@commitlint/read": "^21.2.0", "@commitlint/types": "^21.2.0", "tinyexec": "^1.0.0", "yargs": "^18.0.0" }, "bin": { "commitlint": "cli.js" } }, "sha512-4GLVIhUaT3c3GBlQ0GB80/5H3xXdn/Tgw4lrsuoOQVDu2wl4Xw0GuzSar8xZKSMv4H3xaKaQXmvH91GmdyYBZA=="],

    "@commitlint/config-conventional": ["@commitlint/config-conventional@21.2.0", "", { "dependencies": { "@commitlint/types": "^21.2.0", "conventional-changelog-conventionalcommits": "^10.0.0" } }, "sha512-Qf8WRDVcyVd14if6VTWenebxFbKnVnbzPUJjlzjkyJGeHK2xCGd63Dr1XZzj0plXKQb9P0BfOxoc1HVeCo2BWQ=="],

    "@commitlint/config-validator": ["@commitlint/config-validator@21.2.0", "", { "dependencies": { "@commitlint/types": "^21.2.0", "ajv": "^8.11.0" } }, "sha512-t7AzNHAKeIdo/3NRGwzpufKHsKkPHmFs/56N2Fnsh0/r0rGtnQzTxk6vnFgjaGr4hdSQKNB50/KAhR9Yk4LJKA=="],

    "@commitlint/ensure": ["@commitlint/ensure@21.2.0", "", { "dependencies": { "@commitlint/types": "^21.2.0", "es-toolkit": "^1.46.0" } }, "sha512-76IF9vDNS13lAzEEik9eKwzt8f9hYhWiwVXZ2AnyLCz5/f511FsEQ3pw1X3/zSQpdRLQU7i5qDMVKyXi1GWjSg=="],

    "@commitlint/execute-rule": ["@commitlint/execute-rule@21.0.1", "", {}, "sha512-RifH+FmImozKBE6mozhF4K3r2RRKP7SMi/Q/zLCmExtp5e05lhHOUYqGBlFBAGNHaZxU/WYw1XuugYK9jQzqnA=="],

    "@commitlint/format": ["@commitlint/format@21.2.0", "", { "dependencies": { "@commitlint/types": "^21.2.0", "picocolors": "^1.1.1" } }, "sha512-c4q64xaav2U83t7k7RyzJerBZurPer7FxUOY0RL5L/6CZijZ7K+s6HIBGIghj0ey1P2+seRX0J9XQYtDued6tg=="],

    "@commitlint/is-ignored": ["@commitlint/is-ignored@21.2.0", "", { "dependencies": { "@commitlint/types": "^21.2.0", "semver": "^7.6.0" } }, "sha512-4/eB0vBN7L88O/oC4ajAEqi7j2ZfNgxl/+11RfAV9YosejZgDXhY2C9VcHnHJhOzPLoSy5P3Mg/46kqeyJfXKw=="],

    "@commitlint/lint": ["@commitlint/lint@21.2.0", "", { "dependencies": { "@commitlint/is-ignored": "^21.2.0", "@commitlint/parse": "^21.2.0", "@commitlint/rules": "^21.2.0", "@commitlint/types": "^21.2.0" } }, "sha512-ceO5dp9pLjEZ6y6qbq/uXWXDPykqqlTsyzoQ0NzecpisSJhK3kTy9qzQoPeJuWG/IMNdV1lO0RgmzqoAlSi1uw=="],

    "@commitlint/load": ["@commitlint/load@21.2.0", "", { "dependencies": { "@commitlint/config-validator": "^21.2.0", "@commitlint/execute-rule": "^21.0.1", "@commitlint/resolve-extends": "^21.2.0", "@commitlint/types": "^21.2.0", "cosmiconfig": "^9.0.1", "cosmiconfig-typescript-loader": "^6.1.0", "es-toolkit": "^1.46.0", "is-plain-obj": "^4.1.0", "picocolors": "^1.1.1" } }, "sha512-RjlzWQqruRwIenJEfZtq7kG97co97nKoHpflE5YnF61tDLXxHPrdWImgzw6VL6MlFyaOcVlk74eBV8ZQmc3oIA=="],

    "@commitlint/message": ["@commitlint/message@21.2.0", "", {}, "sha512-YxGoiXD/HXNXLJPrQwE5poXa+XH0CBEm+mdvbHQP0g6MV/dmJyUFCzPNzZbxL93GvZ70TmtTK0Z0/IBpAqHv8g=="],

    "@commitlint/parse": ["@commitlint/parse@21.2.0", "", { "dependencies": { "@commitlint/types": "^21.2.0", "conventional-changelog-angular": "^9.0.0", "conventional-commits-parser": "^7.0.0" } }, "sha512-QHWxG4d0PLTF634/AdyZ0MQS+CLn5YOuJlCFhMMlSGKFxzYGUetkHBj18xgBD+6fVzUrA2lrCdi/vlS2f/oYXg=="],

    "@commitlint/read": ["@commitlint/read@21.2.0", "", { "dependencies": { "@commitlint/top-level": "^21.2.0", "@commitlint/types": "^21.2.0", "git-raw-commits": "^5.0.0", "tinyexec": "^1.0.0" } }, "sha512-ELx8Ovh/JoAw5lpvDgxc6Y0We9skf2IPI2RFN+gnYgDGjRdMSF8zeodxhZmcclLWzfUIF7hXLOa8gOlllYcvBA=="],

    "@commitlint/resolve-extends": ["@commitlint/resolve-extends@21.2.0", "", { "dependencies": { "@commitlint/config-validator": "^21.2.0", "@commitlint/types": "^21.2.0", "es-toolkit": "^1.46.0", "global-directory": "^5.0.0", "resolve-from": "^5.0.0" } }, "sha512-4O/1j51+79Wth9s/MGxt/5gs0XYLDgNlYpltQfhAvLE0itusLKs9zruxbiNg1oOkmkb9L9L4USYGjEj7n87NxA=="],

    "@commitlint/rules": ["@commitlint/rules@21.2.0", "", { "dependencies": { "@commitlint/ensure": "^21.2.0", "@commitlint/message": "^21.2.0", "@commitlint/to-lines": "^21.0.1", "@commitlint/types": "^21.2.0" } }, "sha512-C2yXMNpiB8ETZKfx5JD8+ExgF8vTU1VQMKPSUUYwqKpw9oJWQBrlXBpdU038mj2WPjof7o9UzFpmTyBeGMZwZg=="],

    "@commitlint/to-lines": ["@commitlint/to-lines@21.0.1", "", {}, "sha512-bd1BFII7p1EQZre9Kaj+kKaMFP3cFCdt21K7DItVux9XP5WjLgJ0/Uy1pJJh9aPwVJ6SKg62PxqlZaHI8hQAXw=="],

    "@commitlint/top-level": ["@commitlint/top-level@21.2.0", "", { "dependencies": { "escalade": "^3.2.0" } }, "sha512-Y5gmQ+KxzqCrBFJfLvFEPvvwD3LDiNZoTT2yeFBm96M8qhmqSzQc5DvX3rheAaAMjyIvMXOCLS/mWfdpONsjyQ=="],

    "@commitlint/types": ["@commitlint/types@21.2.0", "", { "dependencies": { "conventional-commits-parser": "^7.0.0", "picocolors": "^1.1.1" } }, "sha512-7zVFCDB2reMvJH5dmbKnOQPjZEvjdJTH8jc0U/PIPU1r3/+vf5pD1HlfitV2MWsWXrvu7u39iY1lyLUPOaN0Gw=="],

    "@conventional-changelog/git-client": ["@conventional-changelog/git-client@2.7.0", "", { "dependencies": { "@simple-libs/child-process-utils": "^1.0.0", "@simple-libs/stream-utils": "^1.2.0", "semver": "^7.5.2" }, "peerDependencies": { "conventional-commits-filter": "^5.0.0", "conventional-commits-parser": "^6.4.0" }, "optionalPeers": ["conventional-commits-filter", "conventional-commits-parser"] }, "sha512-j7A8/LBEQ+3rugMzPXoKYzyUPpw/0CBQCyvtTR7Lmu4olG4yRC/Tfkq79Mr3yuPs0SUitlO2HwGP3gitMJnRFw=="],

    "@conventional-changelog/template": ["@conventional-changelog/template@1.2.0", "", {}, "sha512-12qHxvlKjHmP0PQ+17EREgC7lWyLwbph1RKcZQZ7k7ZWGmrxfxC9gadHGfvzr0g0u8BhiBGg3tks93txodlyRQ=="],

    "@gitmoji/commit-types": ["@gitmoji/commit-types@1.1.5", "", {}, "sha512-8D3FZMRY+gtYpTcHG1SOGmm9CFqxNh6rI9xDoCydxHxnWgqInbdF3nk9gibW5gXA58Hf2cVcJaLEcGOKLRAtmw=="],

    "@gitmoji/gitmoji-regex": ["@gitmoji/gitmoji-regex@1.0.0", "", { "dependencies": { "emoji-regex": "^10", "gitmojis": "^3" } }, "sha512-+BFXxcWCxn0UIYuG1v5n9SfaCCS8tw95j1x3QsTJRdGGiihRyVLTHiu1wrHlzH3z4nYXKjCKiZFTdWwMjRI+gQ=="],

    "@gitmoji/parser-opts": ["@gitmoji/parser-opts@1.4.0", "", { "dependencies": { "@gitmoji/gitmoji-regex": "1.0.0" } }, "sha512-zzmx/vtpdB/ijjUm7u9OzHNCXWKpSbzVEgVzOzhilMgoTBlUDyInZFUtiCTV+Wf4oCP9nxGa/kQGQFfN+XLH1g=="],

    "@oxfmt/binding-android-arm-eabi": ["@oxfmt/binding-android-arm-eabi@0.57.0", "", { "os": "android", "cpu": "arm" }, "sha512-qVBsEO+KugOsCmUHcO8iqNnqc65p7PCKpCs8M66mPZ+Ri+CWbcpoQOEJBg2OTu03+0qu++NK1jj6IzvQVs0Sig=="],

    "@oxfmt/binding-android-arm64": ["@oxfmt/binding-android-arm64@0.57.0", "", { "os": "android", "cpu": "arm64" }, "sha512-mp6PibWbao3aizijcheOeHQaYEhcUAt8pwLniYbtLfHxL/psFF0BykAwCj+s3c6qIpa8yN8keZICWrqtZ70w8g=="],

    "@oxfmt/binding-darwin-arm64": ["@oxfmt/binding-darwin-arm64@0.57.0", "", { "os": "darwin", "cpu": "arm64" }, "sha512-T+0stuCBqmUVY+aMIvrgXhzGhHO3sD5tNiiEcYqgSdPsnukskQqn2u5qOVD0sv1l7RLdFS5Z/f5Wi9Ktyjr3Eg=="],

    "@oxfmt/binding-darwin-x64": ["@oxfmt/binding-darwin-x64@0.57.0", "", { "os": "darwin", "cpu": "x64" }, "sha512-O+3JbqWs/mCI2oi4xfhRO2IVPFJNDDEBV8Odo+ZpmsUOeKJfjXoNH7nDmBEQcDgK7NfjDIyE7kRgYSZcTLDO0A=="],

    "@oxfmt/binding-freebsd-x64": ["@oxfmt/binding-freebsd-x64@0.57.0", "", { "os": "freebsd", "cpu": "x64" }, "sha512-pxwhxVC+JkLX9twOQ/8C/vbuOQcMZyKIDmiRDZfO7yITuVcIdZCiLRqqf4QOxb2+8FWrRXzQpm+1DBKcMpHSSQ=="],

    "@oxfmt/binding-linux-arm-gnueabihf": ["@oxfmt/binding-linux-arm-gnueabihf@0.57.0", "", { "os": "linux", "cpu": "arm" }, "sha512-pxBU4zH2imB/MDBfth2rOMeVxXUMjRQLCazagwLARIFH3hVlxZJBlM4nSnHXaIHJK4/qezoFCIORN6AY8Mra4A=="],

    "@oxfmt/binding-linux-arm-musleabihf": ["@oxfmt/binding-linux-arm-musleabihf@0.57.0", "", { "os": "linux", "cpu": "arm" }, "sha512-JAprOzt8tycYou36ZgEw14DlRHTiN8qdtKANdV3VZIRIvTI/lh/cX13c9pJ/EnDk2GT3FASH7KvCgQ2AufAifQ=="],

    "@oxfmt/binding-linux-arm64-gnu": ["@oxfmt/binding-linux-arm64-gnu@0.57.0", "", { "os": "linux", "cpu": "arm64" }, "sha512-ajtjaxSaj9xl4BW7REt+Cef/ttzbAq00Bq4z7JUDZEfgFXdwSjH8K9bF+IcIJzZB9lKqMfQ4eHuSFOvvlvtqOg=="],

    "@oxfmt/binding-linux-arm64-musl": ["@oxfmt/binding-linux-arm64-musl@0.57.0", "", { "os": "linux", "cpu": "arm64" }, "sha512-p4Y/+RYk9Bk5WO+zHSUXAClRmZ2fbJCejMuCAsU2HhyME4jqf6Ftt/mJYEwIah1wGCBDYOB7wEGV1x5bCEZ6hA=="],

    "@oxfmt/binding-linux-ppc64-gnu": ["@oxfmt/binding-linux-ppc64-gnu@0.57.0", "", { "os": "linux", "cpu": "ppc64" }, "sha512-By6tRALAZsno0F4zedmtG+wdMvJiJmJoXM4d3+A9zHE4HRXLqXITwRH8mgrlcXc5yJM2g2W3riRPwTYdgemZLQ=="],

    "@oxfmt/binding-linux-riscv64-gnu": ["@oxfmt/binding-linux-riscv64-gnu@0.57.0", "", { "os": "linux", "cpu": "none" }, "sha512-skYeG+RgvyzspqVEBsEprL90OYYZfoVNqB3HcCNR6QDJyXKOzfDRT3zncnHmUaFluIlBHuY23mU1b5WGgR98hA=="],

    "@oxfmt/binding-linux-riscv64-musl": ["@oxfmt/binding-linux-riscv64-musl@0.57.0", "", { "os": "linux", "cpu": "none" }, "sha512-FFgACrZOXAXUh5KQh2mt1CDOVOZmn+QzHP71wM9QobNwyQvoFfyAeefVUltW83g3sm7LTiH3yfFqLLVUpA5ZFQ=="],

    "@oxfmt/binding-linux-s390x-gnu": ["@oxfmt/binding-linux-s390x-gnu@0.57.0", "", { "os": "linux", "cpu": "s390x" }, "sha512-Nm/BAOfQeFiiKd502mZn/GAVKJwtd0RdCg17G3Wz/WSOIQmDi3+7/SZH4BHn1Ye5KvTVH3ua8WvfwLLycNIuvA=="],

    "@oxfmt/binding-linux-x64-gnu": ["@oxfmt/binding-linux-x64-gnu@0.57.0", "", { "os": "linux", "cpu": "x64" }, "sha512-BiSy5Ku3mQqyxS6YIqAJgd403wEUWvI7kerfzPxc2l/txZVmZM0pSj7oDM+4bGBExowxOi7o73jEam1W0EDTZg=="],

    "@oxfmt/binding-linux-x64-musl": ["@oxfmt/binding-linux-x64-musl@0.57.0", "", { "os": "linux", "cpu": "x64" }, "sha512-BCRkJiotz5s9afLYD2LuMvzAoDYx9H17E/YbDyu4xK7l4zHDPeny9ErSXL//i/nJyaOwRk08x4b8cgJC00+JDg=="],

    "@oxfmt/binding-openharmony-arm64": ["@oxfmt/binding-openharmony-arm64@0.57.0", "", { "os": "none", "cpu": "arm64" }, "sha512-4Oaxe1qrGgXfpCJ1C/ERJ2iCtV2rN1R79ga9fsfyVHfSQRu/hVW780u2KDqZWFZ/iGTHODJji0JemxqFZ63eIQ=="],

    "@oxfmt/binding-win32-arm64-msvc": ["@oxfmt/binding-win32-arm64-msvc@0.57.0", "", { "os": "win32", "cpu": "arm64" }, "sha512-MYLAsDnhdNsSGheLYhWgbk0vfIrlS84iQYun/y21fX6u0jj8iBtYtbpZMdiqYeuf8U12eVPUjVY2xE2NrCfJ0g=="],

    "@oxfmt/binding-win32-ia32-msvc": ["@oxfmt/binding-win32-ia32-msvc@0.57.0", "", { "os": "win32", "cpu": "ia32" }, "sha512-PBwdzZALJY/jcCx2E6is0yu+cuVXeySTDmwuseD+9j0mHqlRNxwlKgsyRTBed/woPeqfVfuXfWjoq4Cx2Zt3Eg=="],

    "@oxfmt/binding-win32-x64-msvc": ["@oxfmt/binding-win32-x64-msvc@0.57.0", "", { "os": "win32", "cpu": "x64" }, "sha512-bQJdH9i4RRfw55jm7+8/xS7GzHLLTbHx4huhrrDxQJaJtbSDbsyOnODvP1ftT7EG0KFKAYO2S+q6AcioXODx8w=="],

    "@oxlint-tsgolint/darwin-arm64": ["@oxlint-tsgolint/darwin-arm64@0.21.1", "", { "os": "darwin", "cpu": "arm64" }, "sha512-7TLjyWe4wG9saJc992VWmaHq2hwKfOEEVTjheReXJXaDhavMZI4X9a6nKhbEng4IVkYtzjD2jw16vw2WFXLYLw=="],

    "@oxlint-tsgolint/darwin-x64": ["@oxlint-tsgolint/darwin-x64@0.21.1", "", { "os": "darwin", "cpu": "x64" }, "sha512-7wf9Wf75nTzA7zpL9myhFe2RKvfuqGUOADNvUooCjEWvh7hmPz3lSEqTMh5Z/VQhzsG04mM9ACyghxhRzq7zFw=="],

    "@oxlint-tsgolint/linux-arm64": ["@oxlint-tsgolint/linux-arm64@0.21.1", "", { "os": "linux", "cpu": "arm64" }, "sha512-IPuQN/Vd0Rjklg/cCGBbQyUuRBp2f6LQXpZYwk5ivOR6V/+CgiYsv8pn/PVY7gjeyoNvPQrXB7xMjHUO2YZbdw=="],

    "@oxlint-tsgolint/linux-x64": ["@oxlint-tsgolint/linux-x64@0.21.1", "", { "os": "linux", "cpu": "x64" }, "sha512-d1niGuTbh2qiv7dR7tqkbOcM5cIR63of0lMBFdEQavL1KrJV8zuRdwdi68K7MNGdgoR+J5A9ajpGGvsHwp1bPg=="],

    "@oxlint-tsgolint/win32-arm64": ["@oxlint-tsgolint/win32-arm64@0.21.1", "", { "os": "win32", "cpu": "arm64" }, "sha512-ICu9y2JLnFPvFqstnWPPNqBM8LK8BWw2OTeaR0UgEMm4hOSbrZAKv1/hwZYyiLqnCNjBL87AGSQIgTHCYlsipw=="],

    "@oxlint-tsgolint/win32-x64": ["@oxlint-tsgolint/win32-x64@0.21.1", "", { "os": "win32", "cpu": "x64" }, "sha512-cTEFCFjCj6iXfrSHcvajSPNqhEA4TxSzU3gFxbdGSAUTNXGToU99IbdhWAPSbhcucoym0XE4Zl7E41NiSkNTug=="],

    "@oxlint/binding-android-arm-eabi": ["@oxlint/binding-android-arm-eabi@1.72.0", "", { "os": "android", "cpu": "arm" }, "sha512-zhCmvn+1Mj3UchAc/90i99S0t7jJUsHmFVSPg4UWrjO8b8eaSGwscgO6QAUtvHBstkjQwBttQNswEnAF1mIQdA=="],

    "@oxlint/binding-android-arm64": ["@oxlint/binding-android-arm64@1.72.0", "", { "os": "android", "cpu": "arm64" }, "sha512-mtH+aY/ozv1eZoCUC2owjFAtyNBKHpJHygKeEu9zXXnQGW1Q2/qOpvx+I+Lf23+TvTz66F4iiXUbl2cGvoLPCQ=="],

    "@oxlint/binding-darwin-arm64": ["@oxlint/binding-darwin-arm64@1.72.0", "", { "os": "darwin", "cpu": "arm64" }, "sha512-EvnajNPDtfknB3ZieeOOyDTwJn9QXDiwfnF4ZDQqART6RG6hjY4WigQcZdGoK2dkB3e1vrmEzN9aYbQCUkh/gQ=="],

    "@oxlint/binding-darwin-x64": ["@oxlint/binding-darwin-x64@1.72.0", "", { "os": "darwin", "cpu": "x64" }, "sha512-ZkCdEa/G80A7vEHfeCDz/+L3m33DE73v32mDKhgOIgz8Uwf0DFcK7+uu6qC+7LEhmz5fpOe1osWKyjSNMydFIQ=="],

    "@oxlint/binding-freebsd-x64": ["@oxlint/binding-freebsd-x64@1.72.0", "", { "os": "freebsd", "cpu": "x64" }, "sha512-NroXv2vh+sxVY1uya/rM5pjhx1hm8BzlYpx9q67QP0Xhw5MH2bf5GJylpvLEC+781p1Xli/317EoV9AlGwViag=="],

    "@oxlint/binding-linux-arm-gnueabihf": ["@oxlint/binding-linux-arm-gnueabihf@1.72.0", "", { "os": "linux", "cpu": "arm" }, "sha512-0NDywYgfj279Ou/BcQuCYSj7NJwBfmWn5qc5uGO/Ny7fUWmXyIpvawqX/8acQlWG6IXelJsJhj+JAy6sjsKj0A=="],

    "@oxlint/binding-linux-arm-musleabihf": ["@oxlint/binding-linux-arm-musleabihf@1.72.0", "", { "os": "linux", "cpu": "arm" }, "sha512-4vpXB06h65Ezsy4hRyrGjGrfa1SkVPii09yaajiYhmVpgsFiLD+KNxIx/BNAY+XiO+i1yqp9HHdwqM8VTqa5XQ=="],

    "@oxlint/binding-linux-arm64-gnu": ["@oxlint/binding-linux-arm64-gnu@1.72.0", "", { "os": "linux", "cpu": "arm64" }, "sha512-immaN4g2ZGFiOkKrvRX9LvzZdd2GkQM5wR+UyzYyUuyhUTXGQ4HKUJH18xp4G8OfhCVaVAJfKZxwE1r8+4hhaQ=="],

    "@oxlint/binding-linux-arm64-musl": ["@oxlint/binding-linux-arm64-musl@1.72.0", "", { "os": "linux", "cpu": "arm64" }, "sha512-JGHS9Mnr7iWyyLDxgCv1MhzVpAckgptg00F2gnxt/GD7lQ2SW1BRcxHqhSTaSdDpjWRrBkBxMMh4+Hn3aVtExg=="],

    "@oxlint/binding-linux-ppc64-gnu": ["@oxlint/binding-linux-ppc64-gnu@1.72.0", "", { "os": "linux", "cpu": "ppc64" }, "sha512-AOYgBZqxNshrg83P9v0RYv+m8s10Cqkj4/PxXFDhcS3k7FqsIG5+CxErshZCIN7G8iy4Y+VGfAsuEdar8AcbBg=="],

    "@oxlint/binding-linux-riscv64-gnu": ["@oxlint/binding-linux-riscv64-gnu@1.72.0", "", { "os": "linux", "cpu": "none" }, "sha512-QMybPS5ij3/vrKG67mqzHwW++91sYxK/PPUVi6SBtNCEzW4niS52fVBdXbQ6nou0wWbUPEpx8Sl/ZjtgE3clXA=="],

    "@oxlint/binding-linux-riscv64-musl": ["@oxlint/binding-linux-riscv64-musl@1.72.0", "", { "os": "linux", "cpu": "none" }, "sha512-gOc3W7JV0PXRpIL7stUlLe3Wa9Gp0Kdlup87IT3gHDvPKck2xNgMIl/Gs2lldYY2lyXZDC4rWi3hmoLUobkgbQ=="],

    "@oxlint/binding-linux-s390x-gnu": ["@oxlint/binding-linux-s390x-gnu@1.72.0", "", { "os": "linux", "cpu": "s390x" }, "sha512-rpGxph+FjjHcYI5q6uxB3Az+tnfmEnDbSA8+PK9ZE/VzyUAkvBOMeuY7ZQMhu5mpZH7YQDsTdW6Cx4kV/msc6w=="],

    "@oxlint/binding-linux-x64-gnu": ["@oxlint/binding-linux-x64-gnu@1.72.0", "", { "os": "linux", "cpu": "x64" }, "sha512-WND+uhf/Ko13SLqQMWQUgsZuLvYYEvL0ZKgg0tgGYfLqxG7l8Ju123fHDMJyYSDl5E3bUbpFUuii/OvMreFQzw=="],

    "@oxlint/binding-linux-x64-musl": ["@oxlint/binding-linux-x64-musl@1.72.0", "", { "os": "linux", "cpu": "x64" }, "sha512-SrpbrUL70nG9vh6zP4/oKHWgLuHquwsr7MW9XOn0olBVgh10Uqr8qscKhQoBGEn6olK/IUpn5GSKcdQ5AjUhGA=="],

    "@oxlint/binding-openharmony-arm64": ["@oxlint/binding-openharmony-arm64@1.72.0", "", { "os": "none", "cpu": "arm64" }, "sha512-qkrsEn6NmgFKr7U/QnezQMb+q/vzAy0Dd9Y95gQGQTyjzDLN+HRZMuM5u70iyH4nBLCfKBzhjMsYCehKay2jyg=="],

    "@oxlint/binding-win32-arm64-msvc": ["@oxlint/binding-win32-arm64-msvc@1.72.0", "", { "os": "win32", "cpu": "arm64" }, "sha512-LWR6ZlFZph+KPjXv8opgZsXRDCdrdQe8VL8Cg9zxCoBS73h6znzZpydVgmdnwj8mB9AuSM5jxEgDJDpQkjboeg=="],

    "@oxlint/binding-win32-ia32-msvc": ["@oxlint/binding-win32-ia32-msvc@1.72.0", "", { "os": "win32", "cpu": "ia32" }, "sha512-yt6HEh7IsHvtjRWtmeZRX134eaXKHq5Gnqlf1xBJdJl1JtdoRUEJw3nAxpZoUDS860cX/foKbztO441anVBtVQ=="],

    "@oxlint/binding-win32-x64-msvc": ["@oxlint/binding-win32-x64-msvc@1.72.0", "", { "os": "win32", "cpu": "x64" }, "sha512-b2eKFD2hX7tIwmo/cyH6TDq8vzWRZ2qNHrzoGntUTmq0h3zQh/uX3eTSHCwI8OB/ADQfJCRelLItK8BsxuucDA=="],

    "@simple-libs/child-process-utils": ["@simple-libs/child-process-utils@1.0.1", "", { "dependencies": { "@simple-libs/stream-utils": "^1.1.0", "@types/node": "^22.0.0" } }, "sha512-3nWd8irxvDI6v856wpPCHZ+08iQR0oHTZfzAZmnbsLzf+Sf1odraP6uKOHDZToXq3RPRV/LbqGVlSCogm9cJjg=="],

    "@simple-libs/stream-utils": ["@simple-libs/stream-utils@2.0.0", "", {}, "sha512-fCTuZK4QBa+39Oz9l4OGfJfz+GpwCp3AqO7Zch3to99xHPgstVsRFpeQ8LNd2o1Gv8raL2mCFwiaHh7bFSp5DQ=="],

    "@standard-config/oxlint": ["@standard-config/oxlint@2.3.0", "", { "peerDependencies": { "@standard-config/oxlint-react": "^2.0.1", "@standard-config/oxlint-stylistic": "^2.0.1", "oxlint": "^1.71.0", "oxlint-tsgolint": "^0.23.0" }, "optionalPeers": ["@standard-config/oxlint-react", "@standard-config/oxlint-stylistic"] }, "sha512-/oFfwBgEWWn6C5ddzD7scrwfprXaD86jK7UL2lFaNGj6mmrzynvyv0m4cfqNuBBb1lJZ8QaW9WvJuq1pSWhG6w=="],

    "@types/bun": ["@types/bun@1.3.14", "", { "dependencies": { "bun-types": "1.3.14" } }, "sha512-h1hFqFVcvAvD9j9K7ZW7vd82aSA+rTdznZa+5bwvCwqSB1jmmfLcbIWhOLx1/+boy/xmjgCs/OMUL8hRJSmnPw=="],

    "@types/node": ["@types/node@25.0.3", "", { "dependencies": { "undici-types": "~7.16.0" } }, "sha512-W609buLVRVmeW693xKfzHeIV6nJGGz98uCPfeXI1ELMLXVeKYZ9m15fAMSaUPBHYLGFsVRcMmSCksQOrZV9BYA=="],

    "ajv": ["ajv@8.17.1", "", { "dependencies": { "fast-deep-equal": "^3.1.3", "fast-uri": "^3.0.1", "json-schema-traverse": "^1.0.0", "require-from-string": "^2.0.2" } }, "sha512-B/gBuNg5SiMTrPkC+A2+cW0RszwxYmn6VYxB/inlBStS5nx6xHIt/ehKRhIMhqusl7a8LjQoZnjCs5vhwxOQ1g=="],

    "ansi-regex": ["ansi-regex@6.2.2", "", {}, "sha512-Bq3SmSpyFHaWjPk8If9yc6svM8c56dB5BAtW4Qbw5jHTwwXXcTLoRMkpDJp6VL0XzlWaCHTXrkFURMYmD0sLqg=="],

    "ansi-styles": ["ansi-styles@4.3.0", "", { "dependencies": { "color-convert": "^2.0.1" } }, "sha512-zbB9rCJAT1rbjiVDb2hqKFHNYLxgtk8NURxZ3IZwD3F6NtxbXZQCnnSi1Lkx+IDohdPlFp222wVALIheZJQSEg=="],

    "argparse": ["argparse@2.0.1", "", {}, "sha512-8+9WqebbFzpX9OR+Wa6O29asIogeRMzcGtAINdpMHHyAg10f05aSFVBbcEqGf/PXw1EjAZ+q2/bEBg3DvurK3Q=="],

    "bun-types": ["bun-types@1.3.14", "", { "dependencies": { "@types/node": "*" } }, "sha512-4N0ig0fEomHt5R0KCFWjovxow98rIoRwKolrYdCcknNwMekCXRnWEUvgu5soYV8QXtVsrUD8B95MBOZGPvr6KQ=="],

    "callsites": ["callsites@3.1.0", "", {}, "sha512-P8BjAsXvZS+VIDUI11hHCQEv74YT67YUi5JJFNWIqL235sBmjX4+qx9Muvls5ivyNENctx46xQLQ3aTuE7ssaQ=="],

    "chalk": ["chalk@4.1.2", "", { "dependencies": { "ansi-styles": "^4.1.0", "supports-color": "^7.1.0" } }, "sha512-oKnbhFyRIXpUuez8iBMmyEa4nbj4IOQyuhc/wy9kY7/WVPcwIO9VA668Pu8RkO7+0G76SLROeyw9CpQ061i4mA=="],

    "cliui": ["cliui@9.0.1", "", { "dependencies": { "string-width": "^7.2.0", "strip-ansi": "^7.1.0", "wrap-ansi": "^9.0.0" } }, "sha512-k7ndgKhwoQveBL+/1tqGJYNz097I7WOvwbmmU2AR5+magtbjPWQTS1C5vzGkBC8Ym8UWRzfKUzUUqFLypY4Q+w=="],

    "color-convert": ["color-convert@2.0.1", "", { "dependencies": { "color-name": "~1.1.4" } }, "sha512-RRECPsj7iu/xb5oKYcsFHSppFNnsj/52OVTRKb4zP5onXwVF3zVmmToNcOfGC+CRDpfK/U584fMg38ZHCaElKQ=="],

    "color-name": ["color-name@1.1.4", "", {}, "sha512-dOy+3AuW3a2wNbZHIuMZpTcgjGuLU/uBL/ubcZF9OXbDo8ff4O8yVp5Bf0efS8uEoYo5q4Fx7dY9OgQGXgAsQA=="],

    "commitlint-config-gitmoji": ["commitlint-config-gitmoji@2.3.1", "", { "dependencies": { "@commitlint/types": "^17", "@gitmoji/commit-types": "1.1.5", "@gitmoji/parser-opts": "1.4.0", "commitlint-plugin-gitmoji": "2.2.6" } }, "sha512-T15ssbsyNc6szHlnGWo0/xvIA1mObqM70E9TwKNVTpksxhm+OdFht8hvDdKJAVi4nlZX5tcfTeILOi7SHBGH3w=="],

    "commitlint-plugin-gitmoji": ["commitlint-plugin-gitmoji@2.2.6", "", { "dependencies": { "@commitlint/types": "^17", "@gitmoji/gitmoji-regex": "1.0.0", "gitmojis": "^3" } }, "sha512-oKHPHeNXby0Ix0ZbHVSK5ZyPx1V4fyBjLOy93cYwXhOEPXe36nkDc/HDPFfQpzx1vz39277TaP9LScbqTbscfQ=="],

    "conventional-changelog-angular": ["conventional-changelog-angular@9.2.0", "", { "dependencies": { "@conventional-changelog/template": "^1.2.0" } }, "sha512-2EihZvM1KmbBGwuUow8lNXLe+ECRFsyOcV8X0197/WI7Rvvgfi55Oicfw0wxJTXGGIVXSfj+xBoNj+cxLlIiVw=="],

    "conventional-changelog-conventionalcommits": ["conventional-changelog-conventionalcommits@10.2.0", "", { "dependencies": { "@conventional-changelog/template": "^1.2.0" } }, "sha512-UtlM9GqolY7OmlQh5L/UEVoKsTUpTgUVy1PU8JN5gl5Ydaejb7WRklGliG1SKPxxj7hzA173eG3Kt5fYWE2pmg=="],

    "conventional-commits-parser": ["conventional-commits-parser@7.0.0", "", { "dependencies": { "@simple-libs/stream-utils": "^2.0.0", "meow": "^14.0.0" }, "bin": { "conventional-commits-parser": "./dist/cli/index.js" } }, "sha512-dZe/p+FgGQLNJFqaCgNdl8j6a7gI8xuaN30Wy5g7nvyK3jqOpNUEUZ3pGJ5D68h89uRh038FtkeOk/bnGmYkmg=="],

    "cosmiconfig": ["cosmiconfig@9.0.1", "", { "dependencies": { "env-paths": "^2.2.1", "import-fresh": "^3.3.0", "js-yaml": "^4.1.0", "parse-json": "^5.2.0" }, "peerDependencies": { "typescript": ">=4.9.5" }, "optionalPeers": ["typescript"] }, "sha512-hr4ihw+DBqcvrsEDioRO31Z17x71pUYoNe/4h6Z0wB72p7MU7/9gH8Q3s12NFhHPfYBBOV3qyfUxmr/Yn3shnQ=="],

    "cosmiconfig-typescript-loader": ["cosmiconfig-typescript-loader@6.2.0", "", { "dependencies": { "jiti": "^2.6.1" }, "peerDependencies": { "@types/node": "*", "cosmiconfig": ">=9", "typescript": ">=5" } }, "sha512-GEN39v7TgdxgIoNcdkRE3uiAzQt3UXLyHbRHD6YoL048XAeOomyxaP+Hh/+2C6C2wYjxJ2onhJcsQp+L4YEkVQ=="],

    "emoji-regex": ["emoji-regex@10.6.0", "", {}, "sha512-toUI84YS5YmxW219erniWD0CIVOo46xGKColeNQRgOzDorgBi1v4D71/OFzgD9GO2UGKIv1C3Sp8DAn0+j5w7A=="],

    "env-paths": ["env-paths@2.2.1", "", {}, "sha512-+h1lkLKhZMTYjog1VEpJNG7NZJWcuc2DDk/qsqSTRRCOXiLjeQ1d1/udrUGhqMxUgAlwKNZ0cf2uqan5GLuS2A=="],

    "error-ex": ["error-ex@1.3.4", "", { "dependencies": { "is-arrayish": "^0.2.1" } }, "sha512-sqQamAnR14VgCr1A618A3sGrygcpK+HEbenA/HiEAkkUwcZIIB/tgWqHFxWgOyDh4nB4JCRimh79dR5Ywc9MDQ=="],

    "es-toolkit": ["es-toolkit@1.46.1", "", {}, "sha512-5eNtXOs3tbfxXOj04tjjseeWkRWaoCjdEI+96DgwzZoe6c9juL49pXlzAFTI72aWC9Y8p7168g6XIKjh7k6pyQ=="],

    "escalade": ["escalade@3.2.0", "", {}, "sha512-WUj2qlxaQtO4g6Pq5c29GTcWGDyd8itL8zTlipgECz3JesAiiOKotd8JU6otB3PACgG6xkJUyVhboMS+bje/jA=="],

    "fast-deep-equal": ["fast-deep-equal@3.1.3", "", {}, "sha512-f3qQ9oQy9j2AhBe/H9VC91wLmKBCCU/gDOnKNAYG5hswO7BLKj09Hc5HYNz9cGI++xlpDCIgDaitVs03ATR84Q=="],

    "fast-uri": ["fast-uri@3.1.0", "", {}, "sha512-iPeeDKJSWf4IEOasVVrknXpaBV0IApz/gp7S2bb7Z4Lljbl2MGJRqInZiUrQwV16cpzw/D3S5j5Julj/gT52AA=="],

    "get-caller-file": ["get-caller-file@2.0.5", "", {}, "sha512-DyFP3BM/3YHTQOCUL/w0OZHR0lpKeGrxotcHWcqNEdnltqFwXVfhEBQ94eIo34AfQpo0rGki4cyIiftY06h2Fg=="],

    "get-east-asian-width": ["get-east-asian-width@1.6.0", "", {}, "sha512-QRbvDIbx6YklUe6RxeTeleMR0yv3cYH6PsPZHcnVn7xv7zO1BHN8r0XETu8n6Ye3Q+ahtSarc3WgtNWmehIBfA=="],

    "git-raw-commits": ["git-raw-commits@5.0.1", "", { "dependencies": { "@conventional-changelog/git-client": "^2.6.0", "meow": "^13.0.0" }, "bin": { "git-raw-commits": "src/cli.js" } }, "sha512-Y+csSm2GD/PCSh6Isd/WiMjNAydu0VBiG9J7EdQsNA5P9uXvLayqjmTsNlK5Gs9IhblFZqOU0yid5Il5JPoLiQ=="],

    "gitmojis": ["gitmojis@3.15.0", "", {}, "sha512-28sothO0+6UuXx0fnJXi4kqy2/dKeFN3xL2Ss5k5K5ECBJMi5T2kZLY92xys3/+YD+AgKHgeiw7YQpYKnkCLMg=="],

    "global-directory": ["global-directory@5.0.0", "", { "dependencies": { "ini": "6.0.0" } }, "sha512-1pgFdhK3J2LeM+dVf2Pd424yHx2ou338lC0ErNP2hPx4j8eW1Sp0XqSjNxtk6Tc4Kr5wlWtSvz8cn2yb7/SG/w=="],

    "has-flag": ["has-flag@4.0.0", "", {}, "sha512-EykJT/Q1KjTWctppgIAgfSO0tKVuZUjhgMr17kqTumMl6Afv3EISleU7qZUzoXDFTAHTDC4NOoG/ZxU3EvlMPQ=="],

    "husky": ["husky@9.1.7", "", { "bin": { "husky": "bin.js" } }, "sha512-5gs5ytaNjBrh5Ow3zrvdUUY+0VxIuWVL4i9irt6friV+BqdCfmV11CQTWMiBYWHbXhco+J1kHfTOUkePhCDvMA=="],

    "import-fresh": ["import-fresh@3.3.1", "", { "dependencies": { "parent-module": "^1.0.0", "resolve-from": "^4.0.0" } }, "sha512-TR3KfrTZTYLPB6jUjfx6MF9WcWrHL9su5TObK4ZkYgBdWKPOFoSoQIdEuTuR82pmtxH2spWG9h6etwfr1pLBqQ=="],

    "ini": ["ini@6.0.0", "", {}, "sha512-IBTdIkzZNOpqm7q3dRqJvMaldXjDHWkEDfrwGEQTs5eaQMWV+djAhR+wahyNNMAa+qpbDUhBMVt4ZKNwpPm7xQ=="],

    "is-arrayish": ["is-arrayish@0.2.1", "", {}, "sha512-zz06S8t0ozoDXMG+ube26zeCTNXcKIPJZJi8hBrF4idCLms4CG9QtK7qBl1boi5ODzFpjswb5JPmHCbMpjaYzg=="],

    "is-plain-obj": ["is-plain-obj@4.1.0", "", {}, "sha512-+Pgi+vMuUNkJyExiMBt5IlFoMyKnr5zhJ4Uspz58WOhBF5QoIZkFyNHIbBAtHwzVAgk5RtndVNsDRN61/mmDqg=="],

    "jiti": ["jiti@2.6.1", "", { "bin": { "jiti": "lib/jiti-cli.mjs" } }, "sha512-ekilCSN1jwRvIbgeg/57YFh8qQDNbwDb9xT/qu2DAHbFFZUicIl4ygVaAvzveMhMVr3LnpSKTNnwt8PoOfmKhQ=="],

    "js-tokens": ["js-tokens@4.0.0", "", {}, "sha512-RdJUflcE3cUzKiMqQgsCu06FPu9UdIJO0beYbPhHN4k6apgJtifcoCtT9bcxOpYBtpD2kCM6Sbzg4CausW/PKQ=="],

    "js-yaml": ["js-yaml@4.1.1", "", { "dependencies": { "argparse": "^2.0.1" }, "bin": { "js-yaml": "bin/js-yaml.js" } }, "sha512-qQKT4zQxXl8lLwBtHMWwaTcGfFOZviOJet3Oy/xmGk2gZH677CJM9EvtfdSkgWcATZhj/55JZ0rmy3myCT5lsA=="],

    "json-parse-even-better-errors": ["json-parse-even-better-errors@2.3.1", "", {}, "sha512-xyFwyhro/JEof6Ghe2iz2NcXoj2sloNsWr/XsERDK/oiPCfaNhl5ONfp+jQdAZRQQ0IJWNzH9zIZF7li91kh2w=="],

    "json-schema-traverse": ["json-schema-traverse@1.0.0", "", {}, "sha512-NM8/P9n3XjXhIZn1lLhkFaACTOURQXjWhV4BA/RnOv8xvgqtqpAX9IO4mRQxSx1Rlo4tqzeqb0sOlruaOy3dug=="],

    "lines-and-columns": ["lines-and-columns@1.2.4", "", {}, "sha512-7ylylesZQ/PV29jhEDl3Ufjo6ZX7gCqJr5F7PKrqc93v7fzSymt1BpwEU8nAUXs8qzzvqhbjhK5QZg6Mt/HkBg=="],

    "meow": ["meow@14.1.0", "", {}, "sha512-EDYo6VlmtnumlcBCbh1gLJ//9jvM/ndXHfVXIFrZVr6fGcwTUyCTFNTLCKuY3ffbK8L/+3Mzqnd58RojiZqHVw=="],

    "nano-staged": ["nano-staged@1.0.2", "", { "bin": { "nano-staged": "lib/bin.js" } }, "sha512-Fytar3zHLY99nlMfqPPbraxZodqQAHPpdPRyYaplL+lB9DCR6pUrafxbG+Btz4+7fO5Rm/+DO4ZeDO/nLSUMhw=="],

    "oxfmt": ["oxfmt@0.57.0", "", { "dependencies": { "tinypool": "2.1.0" }, "optionalDependencies": { "@oxfmt/binding-android-arm-eabi": "0.57.0", "@oxfmt/binding-android-arm64": "0.57.0", "@oxfmt/binding-darwin-arm64": "0.57.0", "@oxfmt/binding-darwin-x64": "0.57.0", "@oxfmt/binding-freebsd-x64": "0.57.0", "@oxfmt/binding-linux-arm-gnueabihf": "0.57.0", "@oxfmt/binding-linux-arm-musleabihf": "0.57.0", "@oxfmt/binding-linux-arm64-gnu": "0.57.0", "@oxfmt/binding-linux-arm64-musl": "0.57.0", "@oxfmt/binding-linux-ppc64-gnu": "0.57.0", "@oxfmt/binding-linux-riscv64-gnu": "0.57.0", "@oxfmt/binding-linux-riscv64-musl": "0.57.0", "@oxfmt/binding-linux-s390x-gnu": "0.57.0", "@oxfmt/binding-linux-x64-gnu": "0.57.0", "@oxfmt/binding-linux-x64-musl": "0.57.0", "@oxfmt/binding-openharmony-arm64": "0.57.0", "@oxfmt/binding-win32-arm64-msvc": "0.57.0", "@oxfmt/binding-win32-ia32-msvc": "0.57.0", "@oxfmt/binding-win32-x64-msvc": "0.57.0" }, "peerDependencies": { "svelte": "^5.0.0", "vite-plus": "*" }, "optionalPeers": ["svelte", "vite-plus"], "bin": { "oxfmt": "bin/oxfmt" } }, "sha512-ZB7Bi+rGDSqmVIo9jwcLyFgjxXvQhDdU+jx+ZrVy6VRiVXK2+CHc4hO3J4dUQjHe7V0ymHB+MDuv5z+NhK07HA=="],

    "oxlint": ["oxlint@1.72.0", "", { "optionalDependencies": { "@oxlint/binding-android-arm-eabi": "1.72.0", "@oxlint/binding-android-arm64": "1.72.0", "@oxlint/binding-darwin-arm64": "1.72.0", "@oxlint/binding-darwin-x64": "1.72.0", "@oxlint/binding-freebsd-x64": "1.72.0", "@oxlint/binding-linux-arm-gnueabihf": "1.72.0", "@oxlint/binding-linux-arm-musleabihf": "1.72.0", "@oxlint/binding-linux-arm64-gnu": "1.72.0", "@oxlint/binding-linux-arm64-musl": "1.72.0", "@oxlint/binding-linux-ppc64-gnu": "1.72.0", "@oxlint/binding-linux-riscv64-gnu": "1.72.0", "@oxlint/binding-linux-riscv64-musl": "1.72.0", "@oxlint/binding-linux-s390x-gnu": "1.72.0", "@oxlint/binding-linux-x64-gnu": "1.72.0", "@oxlint/binding-linux-x64-musl": "1.72.0", "@oxlint/binding-openharmony-arm64": "1.72.0", "@oxlint/binding-win32-arm64-msvc": "1.72.0", "@oxlint/binding-win32-ia32-msvc": "1.72.0", "@oxlint/binding-win32-x64-msvc": "1.72.0" }, "peerDependencies": { "oxlint-tsgolint": ">=0.22.1", "vite-plus": "*" }, "optionalPeers": ["oxlint-tsgolint", "vite-plus"], "bin": { "oxlint": "bin/oxlint" } }, "sha512-1rhdZIP/EvoI91ABIwNU5Q8+bWf8mjrS5UzIOZld4d4bXxJvtlUhlQvaoTogIGin/qdErMOrwaIJvCSIAKTLhA=="],

    "oxlint-tsgolint": ["oxlint-tsgolint@0.21.1", "", { "optionalDependencies": { "@oxlint-tsgolint/darwin-arm64": "0.21.1", "@oxlint-tsgolint/darwin-x64": "0.21.1", "@oxlint-tsgolint/linux-arm64": "0.21.1", "@oxlint-tsgolint/linux-x64": "0.21.1", "@oxlint-tsgolint/win32-arm64": "0.21.1", "@oxlint-tsgolint/win32-x64": "0.21.1" }, "bin": { "tsgolint": "bin/tsgolint.js" } }, "sha512-O2hxiT14C2HJkwzBU6CQBFPoagSd/IcV+Tt3e3UUaXFwbW4BO5DSDPSSboc3UM5MIDY+MLyepvtQwBQafNxWdw=="],

    "parent-module": ["parent-module@1.0.1", "", { "dependencies": { "callsites": "^3.0.0" } }, "sha512-GQ2EWRpQV8/o+Aw8YqtfZZPfNRWZYkbidE9k5rpl/hC3vtHHBfGm2Ifi6qWV+coDGkrUKZAxE3Lot5kcsRlh+g=="],

    "parse-json": ["parse-json@5.2.0", "", { "dependencies": { "@babel/code-frame": "^7.0.0", "error-ex": "^1.3.1", "json-parse-even-better-errors": "^2.3.0", "lines-and-columns": "^1.1.6" } }, "sha512-ayCKvm/phCGxOkYRSCM82iDwct8/EonSEgCSxWxD7ve6jHggsFl4fZVQBPRNgQoKiuV/odhFrGzQXZwbifC8Rg=="],

    "picocolors": ["picocolors@1.1.1", "", {}, "sha512-xceH2snhtb5M9liqDsmEw56le376mTZkEX/jEb/RxNFyegNul7eNslCXP9FDj/Lcu0X8KEyMceP2ntpaHrDEVA=="],

    "require-from-string": ["require-from-string@2.0.2", "", {}, "sha512-Xf0nWe6RseziFMu+Ap9biiUbmplq6S9/p+7w7YXP/JBHhrUDDUhwa+vANyubuqfZWTveU//DYVGsDG7RKL/vEw=="],

    "resolve-from": ["resolve-from@5.0.0", "", {}, "sha512-qYg9KP24dD5qka9J47d0aVky0N+b4fTU89LN9iDnjB5waksiC49rvMB0PrUJQGoTmH50XPiqOvAjDfaijGxYZw=="],

    "semver": ["semver@7.7.3", "", { "bin": { "semver": "bin/semver.js" } }, "sha512-SdsKMrI9TdgjdweUSR9MweHA4EJ8YxHn8DFaDisvhVlUOe4BF1tLD7GAj0lIqWVl+dPb/rExr0Btby5loQm20Q=="],

    "string-width": ["string-width@7.2.0", "", { "dependencies": { "emoji-regex": "^10.3.0", "get-east-asian-width": "^1.0.0", "strip-ansi": "^7.1.0" } }, "sha512-tsaTIkKW9b4N+AEj+SVA+WhJzV7/zMhcSu78mLKWSk7cXMOSHsBKFWUs0fWwq8QyK3MgJBQRX6Gbi4kYbdvGkQ=="],

    "strip-ansi": ["strip-ansi@7.2.0", "", { "dependencies": { "ansi-regex": "^6.2.2" } }, "sha512-yDPMNjp4WyfYBkHnjIRLfca1i6KMyGCtsVgoKe/z1+6vukgaENdgGBZt+ZmKPc4gavvEZ5OgHfHdrazhgNyG7w=="],

    "supports-color": ["supports-color@7.2.0", "", { "dependencies": { "has-flag": "^4.0.0" } }, "sha512-qpCAvRl9stuOHveKsn7HncJRvv501qIacKzQlO/+Lwxc9+0q2wLyv4Dfvt80/DPn2pqOBsJdDiogXGR9+OvwRw=="],

    "tinyexec": ["tinyexec@1.1.2", "", {}, "sha512-dAqSqE/RabpBKI8+h26GfLq6Vb3JVXs30XYQjdMjaj/c2tS8IYYMbIzP599KtRj7c57/wYApb3QjgRgXmrCukA=="],

    "tinypool": ["tinypool@2.1.0", "", {}, "sha512-Pugqs6M0m7Lv1I7FtxN4aoyToKg1C4tu+/381vH35y8oENM/Ai7f7C4StcoK4/+BSw9ebcS8jRiVrORFKCALLw=="],

    "typescript": ["typescript@6.0.3", "", { "bin": { "tsc": "bin/tsc", "tsserver": "bin/tsserver" } }, "sha512-y2TvuxSZPDyQakkFRPZHKFm+KKVqIisdg9/CZwm9ftvKXLP8NRWj38/ODjNbr43SsoXqNuAisEf1GdCxqWcdBw=="],

    "undici-types": ["undici-types@7.16.0", "", {}, "sha512-Zz+aZWSj8LE6zoxD+xrjh4VfkIG8Ya6LvYkZqtUQGJPZjYl53ypCaUwWqo7eI0x66KBGeRo+mlBEkMSeSZ38Nw=="],

    "wrap-ansi": ["wrap-ansi@9.0.2", "", { "dependencies": { "ansi-styles": "^6.2.1", "string-width": "^7.0.0", "strip-ansi": "^7.1.0" } }, "sha512-42AtmgqjV+X1VpdOfyTGOYRi0/zsoLqtXQckTmqTeybT+BDIbM/Guxo7x3pE2vtpr1ok6xRqM9OpBe+Jyoqyww=="],

    "y18n": ["y18n@5.0.8", "", {}, "sha512-0pfFzegeDWJHJIAmTLRP2DwHjdF5s7jo9tuztdQxAhINCdvS+3nGINqPd00AphqJR/0LhANUS6/+7SCb98YOfA=="],

    "yargs": ["yargs@18.0.0", "", { "dependencies": { "cliui": "^9.0.1", "escalade": "^3.1.1", "get-caller-file": "^2.0.5", "string-width": "^7.2.0", "y18n": "^5.0.5", "yargs-parser": "^22.0.0" } }, "sha512-4UEqdc2RYGHZc7Doyqkrqiln3p9X2DZVxaGbwhn2pi7MrRagKaOcIKe8L3OxYcbhXLgLFUS3zAYuQjKBQgmuNg=="],

    "yargs-parser": ["yargs-parser@22.0.0", "", {}, "sha512-rwu/ClNdSMpkSrUb+d6BRsSkLUq1fmfsY6TOpYzTwvwkg1/NRG85KBy3kq++A8LKQwX6lsu+aWad+2khvuXrqw=="],

    "@conventional-changelog/git-client/@simple-libs/stream-utils": ["@simple-libs/stream-utils@1.2.0", "", {}, "sha512-KxXvfapcixpz6rVEB6HPjOUZT22yN6v0vI0urQSk1L8MlEWPDFCZkhw2xmkyoTGYeFw7tWTZd7e3lVzRZRN/EA=="],

    "@simple-libs/child-process-utils/@simple-libs/stream-utils": ["@simple-libs/stream-utils@1.1.0", "", { "dependencies": { "@types/node": "^22.0.0" } }, "sha512-6rsHTjodIn/t90lv5snQjRPVtOosM7Vp0AKdrObymq45ojlgVwnpAqdc+0OBBrpEiy31zZ6/TKeIVqV1HwvnuQ=="],

    "@simple-libs/child-process-utils/@types/node": ["@types/node@22.19.3", "", { "dependencies": { "undici-types": "~6.21.0" } }, "sha512-1N9SBnWYOJTrNZCdh/yJE+t910Y128BoyY+zBLWhL3r0TYzlTmFdXrPwHL9DyFZmlEXNQQolTZh3KHV31QDhyA=="],

    "commitlint-config-gitmoji/@commitlint/types": ["@commitlint/types@17.8.1", "", { "dependencies": { "chalk": "^4.1.0" } }, "sha512-PXDQXkAmiMEG162Bqdh9ChML/GJZo6vU+7F03ALKDK8zYc6SuAr47LjG7hGYRqUOz+WK0dU7bQ0xzuqFMdxzeQ=="],

    "commitlint-plugin-gitmoji/@commitlint/types": ["@commitlint/types@17.8.1", "", { "dependencies": { "chalk": "^4.1.0" } }, "sha512-PXDQXkAmiMEG162Bqdh9ChML/GJZo6vU+7F03ALKDK8zYc6SuAr47LjG7hGYRqUOz+WK0dU7bQ0xzuqFMdxzeQ=="],

    "import-fresh/resolve-from": ["resolve-from@4.0.0", "", {}, "sha512-pb/MYmXstAkysRFx8piNI1tGFNQIFA3vkE3Gq4EuA1dF6gHp/+vgZqsCGJapvy8N3Q+4o7FwvquPJcnZ7RYy4g=="],

    "wrap-ansi/ansi-styles": ["ansi-styles@6.2.3", "", {}, "sha512-4Dj6M28JB+oAH8kFkTLUo+a2jwOFkuqb3yucU0CANcRRUbxS0cP0nZYCGjcc3BNXwRIsUVmDGgzawme7zvJHvg=="],

    "@simple-libs/child-process-utils/@types/node/undici-types": ["undici-types@6.21.0", "", {}, "sha512-iwDZqg0QAGrg9Rav5H4n0M64c3mkR59cJ6wQp+7C4nI0gsmExaedaYLNO44eT4AtBBwjbTiGPMlt2Md0T9H9JQ=="],
  }
}
